// !$*UTF8*$!
{
	archiveVersion = 1;
	classes = {
	};
	objectVersion = 50;
	objects = {

/* Begin PBXBuildFile section */
		055C42DFFF436597D85FD84B /* Pods_DGTool.framework in Frameworks */ = {isa = PBXBuildFile; fileRef = 306A997E4F3FE98DECC9E2F3 /* Pods_DGTool.framework */; };
		6311752621D71811006C5EFE /* DGValidityTool.m in Sources */ = {isa = PBXBuildFile; fileRef = 6311752521D71811006C5EFE /* DGValidityTool.m */; };
		633F9822216C80C900D86B96 /* DGNetWorkConfig.m in Sources */ = {isa = PBXBuildFile; fileRef = 633F9821216C80C900D86B96 /* DGNetWorkConfig.m */; };
		633F9825216C825C00D86B96 /* DGHttpSessionTask.m in Sources */ = {isa = PBXBuildFile; fileRef = 633F9824216C825C00D86B96 /* DGHttpSessionTask.m */; };
		633F9828216C82B700D86B96 /* DGHttpResponseModel.m in Sources */ = {isa = PBXBuildFile; fileRef = 633F9827216C82B700D86B96 /* DGHttpResponseModel.m */; };
		633F982D216C89AE00D86B96 /* DGAppTool.m in Sources */ = {isa = PBXBuildFile; fileRef = 633F982C216C89AE00D86B96 /* DGAppTool.m */; };
		633F9830216C954600D86B96 /* DGShare.m in Sources */ = {isa = PBXBuildFile; fileRef = 633F982F216C954600D86B96 /* DGShare.m */; };
		633F9834216CA84700D86B96 /* NSDictionary+DGSafe.m in Sources */ = {isa = PBXBuildFile; fileRef = 633F9833216CA84700D86B96 /* NSDictionary+DGSafe.m */; };
		63430EC421D3345A0034D6B9 /* UIImage+DGEffect.m in Sources */ = {isa = PBXBuildFile; fileRef = 63430EC321D3345A0034D6B9 /* UIImage+DGEffect.m */; };
		63430EC721D334C90034D6B9 /* UIButton+DGDefine.m in Sources */ = {isa = PBXBuildFile; fileRef = 63430EC621D334C90034D6B9 /* UIButton+DGDefine.m */; };
		63430ECA21D3375A0034D6B9 /* DGBaseNavigationController.m in Sources */ = {isa = PBXBuildFile; fileRef = 63430EC921D3375A0034D6B9 /* DGBaseNavigationController.m */; };
		63430ECD21D3378E0034D6B9 /* DGBaseViewController.m in Sources */ = {isa = PBXBuildFile; fileRef = 63430ECC21D3378E0034D6B9 /* DGBaseViewController.m */; };
		63430ED021D337BF0034D6B9 /* DGNavigationBar.m in Sources */ = {isa = PBXBuildFile; fileRef = 63430ECF21D337BF0034D6B9 /* DGNavigationBar.m */; };
		63430EF721D33A8E0034D6B9 /* DGImagePickerManager.m in Sources */ = {isa = PBXBuildFile; fileRef = 63430ED421D33A8E0034D6B9 /* DGImagePickerManager.m */; };
		63430EF821D33A8E0034D6B9 /* DGToast.m in Sources */ = {isa = PBXBuildFile; fileRef = 63430ED721D33A8E0034D6B9 /* DGToast.m */; };
		63430EF921D33A8E0034D6B9 /* dgip_camera.png in Resources */ = {isa = PBXBuildFile; fileRef = 63430ED921D33A8E0034D6B9 /* dgip_camera.png */; };
		63430EFA21D33A8E0034D6B9 /* dgip_navi_back@2x.png in Resources */ = {isa = PBXBuildFile; fileRef = 63430EDA21D33A8E0034D6B9 /* dgip_navi_back@2x.png */; };
		63430EFB21D33A8E0034D6B9 /* dgip_navi_back@3x.png in Resources */ = {isa = PBXBuildFile; fileRef = 63430EDB21D33A8E0034D6B9 /* dgip_navi_back@3x.png */; };
		63430EFC21D33A8E0034D6B9 /* dgip_navi_down@2x.png in Resources */ = {isa = PBXBuildFile; fileRef = 63430EDC21D33A8E0034D6B9 /* dgip_navi_down@2x.png */; };
		63430EFD21D33A8E0034D6B9 /* dgip_navi_down@3x.png in Resources */ = {isa = PBXBuildFile; fileRef = 63430EDD21D33A8E0034D6B9 /* dgip_navi_down@3x.png */; };
		63430EFE21D33A8E0034D6B9 /* dgip_navi_up@2x.png in Resources */ = {isa = PBXBuildFile; fileRef = 63430EDE21D33A8E0034D6B9 /* dgip_navi_up@2x.png */; };
		63430EFF21D33A8E0034D6B9 /* dgip_navi_up@3x.png in Resources */ = {isa = PBXBuildFile; fileRef = 63430EDF21D33A8E0034D6B9 /* dgip_navi_up@3x.png */; };
		63430F0021D33A8E0034D6B9 /* DGImageClipVC.m in Sources */ = {isa = PBXBuildFile; fileRef = 63430EE221D33A8E0034D6B9 /* DGImageClipVC.m */; };
		63430F0121D33A8E0034D6B9 /* ALAsset+DGSelectImage.m in Sources */ = {isa = PBXBuildFile; fileRef = 63430EE521D33A8E0034D6B9 /* ALAsset+DGSelectImage.m */; };
		63430F0221D33A8E0034D6B9 /* DGImageSelectVC.m in Sources */ = {isa = PBXBuildFile; fileRef = 63430EE721D33A8E0034D6B9 /* DGImageSelectVC.m */; };
		63430F0321D33A8E0034D6B9 /* DGAssetsGroupListTableViewCell.m in Sources */ = {isa = PBXBuildFile; fileRef = 63430EEA21D33A8E0034D6B9 /* DGAssetsGroupListTableViewCell.m */; };
		63430F0421D33A8E0034D6B9 /* DGAssetsListCollectionViewCell.m in Sources */ = {isa = PBXBuildFile; fileRef = 63430EEC21D33A8E0034D6B9 /* DGAssetsListCollectionViewCell.m */; };
		63430F0521D33A8E0034D6B9 /* DGCheckmarkView.m in Sources */ = {isa = PBXBuildFile; fileRef = 63430EEE21D33A8E0034D6B9 /* DGCheckmarkView.m */; };
		63430F0621D33A8E0034D6B9 /* DGImagePreviewVC.m in Sources */ = {isa = PBXBuildFile; fileRef = 63430EF121D33A8E0034D6B9 /* DGImagePreviewVC.m */; };
		63430F0721D33A8E0034D6B9 /* DGSingleImagePreviewVC.m in Sources */ = {isa = PBXBuildFile; fileRef = 63430EF321D33A8E0034D6B9 /* DGSingleImagePreviewVC.m */; };
		63430F0821D33A8E0034D6B9 /* UINavigationController+FDFullscreenPopGesture.m in Sources */ = {isa = PBXBuildFile; fileRef = 63430EF621D33A8E0034D6B9 /* UINavigationController+FDFullscreenPopGesture.m */; };
		63430F0B21D35AFA0034D6B9 /* NSArray+DGSort.m in Sources */ = {isa = PBXBuildFile; fileRef = 63430F0A21D35AFA0034D6B9 /* NSArray+DGSort.m */; };
		63430F0E21D35BD30034D6B9 /* UIViewController+DGAlert.m in Sources */ = {isa = PBXBuildFile; fileRef = 63430F0D21D35BD30034D6B9 /* UIViewController+DGAlert.m */; };
		63430F1321D35DC20034D6B9 /* DGRunLoopTaskDistribution.m in Sources */ = {isa = PBXBuildFile; fileRef = 63430F0F21D35DC20034D6B9 /* DGRunLoopTaskDistribution.m */; };
		63430F1421D35DC20034D6B9 /* DGParseTool.m in Sources */ = {isa = PBXBuildFile; fileRef = 63430F1221D35DC20034D6B9 /* DGParseTool.m */; };
		63430F1D21D35FD20034D6B9 /* DGImageTool.m in Sources */ = {isa = PBXBuildFile; fileRef = 63430F1C21D35FD20034D6B9 /* DGImageTool.m */; };
		63430F2021D35FE70034D6B9 /* DGItemView.m in Sources */ = {isa = PBXBuildFile; fileRef = 63430F1F21D35FE70034D6B9 /* DGItemView.m */; };
		63430F2521D35FF40034D6B9 /* DGAlertController.m in Sources */ = {isa = PBXBuildFile; fileRef = 63430F2321D35FF40034D6B9 /* DGAlertController.m */; };
		63430F2621D35FF40034D6B9 /* DGAlertAction.m in Sources */ = {isa = PBXBuildFile; fileRef = 63430F2421D35FF40034D6B9 /* DGAlertAction.m */; };
		63430F2921D35FFF0034D6B9 /* DGFullScreenPopView.m in Sources */ = {isa = PBXBuildFile; fileRef = 63430F2721D35FFF0034D6B9 /* DGFullScreenPopView.m */; };
		63430F3521D3614A0034D6B9 /* DGTextField.m in Sources */ = {isa = PBXBuildFile; fileRef = 63430F3121D3614A0034D6B9 /* DGTextField.m */; };
		63430F3621D3614A0034D6B9 /* DGTextView.m in Sources */ = {isa = PBXBuildFile; fileRef = 63430F3221D3614A0034D6B9 /* DGTextView.m */; };
		63430F3721D3614A0034D6B9 /* DGButton.m in Sources */ = {isa = PBXBuildFile; fileRef = 63430F3321D3614A0034D6B9 /* DGButton.m */; };
		63430F3821D3614A0034D6B9 /* DGLabel.m in Sources */ = {isa = PBXBuildFile; fileRef = 63430F3421D3614A0034D6B9 /* DGLabel.m */; };
		63430F3B21D362300034D6B9 /* UIImage+RTTint.m in Sources */ = {isa = PBXBuildFile; fileRef = 63430F3921D3622F0034D6B9 /* UIImage+RTTint.m */; };
		63430F5721D363E50034D6B9 /* MASCompositeConstraint.m in Sources */ = {isa = PBXBuildFile; fileRef = 63430F3F21D363E50034D6B9 /* MASCompositeConstraint.m */; };
		63430F5821D363E50034D6B9 /* MASConstraint.m in Sources */ = {isa = PBXBuildFile; fileRef = 63430F4221D363E50034D6B9 /* MASConstraint.m */; };
		63430F5921D363E50034D6B9 /* MASConstraintMaker.m in Sources */ = {isa = PBXBuildFile; fileRef = 63430F4421D363E50034D6B9 /* MASConstraintMaker.m */; };
		63430F5A21D363E50034D6B9 /* MASLayoutConstraint.m in Sources */ = {isa = PBXBuildFile; fileRef = 63430F4621D363E50034D6B9 /* MASLayoutConstraint.m */; };
		63430F5B21D363E50034D6B9 /* MASViewAttribute.m in Sources */ = {isa = PBXBuildFile; fileRef = 63430F4A21D363E50034D6B9 /* MASViewAttribute.m */; };
		63430F5C21D363E50034D6B9 /* MASViewConstraint.m in Sources */ = {isa = PBXBuildFile; fileRef = 63430F4C21D363E50034D6B9 /* MASViewConstraint.m */; };
		63430F5D21D363E50034D6B9 /* NSArray+MASAdditions.m in Sources */ = {isa = PBXBuildFile; fileRef = 63430F4E21D363E50034D6B9 /* NSArray+MASAdditions.m */; };
		63430F5E21D363E50034D6B9 /* NSLayoutConstraint+MASDebugAdditions.m in Sources */ = {isa = PBXBuildFile; fileRef = 63430F5121D363E50034D6B9 /* NSLayoutConstraint+MASDebugAdditions.m */; };
		63430F5F21D363E50034D6B9 /* View+MASAdditions.m in Sources */ = {isa = PBXBuildFile; fileRef = 63430F5321D363E50034D6B9 /* View+MASAdditions.m */; };
		63430F6021D363E50034D6B9 /* ViewController+MASAdditions.m in Sources */ = {isa = PBXBuildFile; fileRef = 63430F5621D363E50034D6B9 /* ViewController+MASAdditions.m */; };
		635E6BDD217F1CB6003AAFF8 /* DGHttpRequestRecord.m in Sources */ = {isa = PBXBuildFile; fileRef = 635E6BDC217F1CB6003AAFF8 /* DGHttpRequestRecord.m */; };
		635E6BE0217F2B75003AAFF8 /* DGHttpResponseLogicModel.m in Sources */ = {isa = PBXBuildFile; fileRef = 635E6BDF217F2B75003AAFF8 /* DGHttpResponseLogicModel.m */; };
		6367643E217054CE00117BE7 /* DGScannerTool.m in Sources */ = {isa = PBXBuildFile; fileRef = 6367643D217054CE00117BE7 /* DGScannerTool.m */; };
		63676441217096F400117BE7 /* UINavigationController+DGHook.m in Sources */ = {isa = PBXBuildFile; fileRef = 63676440217096F400117BE7 /* UINavigationController+DGHook.m */; };
		6369413C21D475EA00EF6D9A /* NSString+DGTool.m in Sources */ = {isa = PBXBuildFile; fileRef = 6369413B21D475EA00EF6D9A /* NSString+DGTool.m */; };
		6378E071215DD4180046F7FA /* AppDelegate.m in Sources */ = {isa = PBXBuildFile; fileRef = 6378E070215DD4180046F7FA /* AppDelegate.m */; };
		6378E074215DD4180046F7FA /* ViewController.m in Sources */ = {isa = PBXBuildFile; fileRef = 6378E073215DD4180046F7FA /* ViewController.m */; };
		6378E077215DD4180046F7FA /* Main.storyboard in Resources */ = {isa = PBXBuildFile; fileRef = 6378E075215DD4180046F7FA /* Main.storyboard */; };
		6378E079215DD41A0046F7FA /* Assets.xcassets in Resources */ = {isa = PBXBuildFile; fileRef = 6378E078215DD41A0046F7FA /* Assets.xcassets */; };
		6378E07C215DD41A0046F7FA /* LaunchScreen.storyboard in Resources */ = {isa = PBXBuildFile; fileRef = 6378E07A215DD41A0046F7FA /* LaunchScreen.storyboard */; };
		6378E07F215DD41A0046F7FA /* main.m in Sources */ = {isa = PBXBuildFile; fileRef = 6378E07E215DD41A0046F7FA /* main.m */; };
		637C4DD921D1D0BA002180BD /* NSDate+DGTool.m in Sources */ = {isa = PBXBuildFile; fileRef = 637C4DD821D1D0BA002180BD /* NSDate+DGTool.m */; };
		63D3F05E21D0E0590028679B /* NSMutableDictionary+DGSafe.m in Sources */ = {isa = PBXBuildFile; fileRef = 63D3F05C21D0E0580028679B /* NSMutableDictionary+DGSafe.m */; };
		63D3F06121D0E06A0028679B /* NSObject+DGRuntime.m in Sources */ = {isa = PBXBuildFile; fileRef = 63D3F06021D0E06A0028679B /* NSObject+DGRuntime.m */; };
		63FCD0C7216D9B9500516026 /* DGHookTrack.m in Sources */ = {isa = PBXBuildFile; fileRef = 63FCD0C6216D9B9500516026 /* DGHookTrack.m */; };
/* End PBXBuildFile section */

/* Begin PBXFileReference section */
		306A997E4F3FE98DECC9E2F3 /* Pods_DGTool.framework */ = {isa = PBXFileReference; explicitFileType = wrapper.framework; includeInIndex = 0; path = Pods_DGTool.framework; sourceTree = BUILT_PRODUCTS_DIR; };
		49CEBA68EF42638B6202BC31 /* Pods-DGTool.debug.xcconfig */ = {isa = PBXFileReference; includeInIndex = 1; lastKnownFileType = text.xcconfig; name = "Pods-DGTool.debug.xcconfig"; path = "Pods/Target Support Files/Pods-DGTool/Pods-DGTool.debug.xcconfig"; sourceTree = "<group>"; };
		6311752421D71811006C5EFE /* DGValidityTool.h */ = {isa = PBXFileReference; lastKnownFileType = sourcecode.c.h; path = DGValidityTool.h; sourceTree = "<group>"; };
		6311752521D71811006C5EFE /* DGValidityTool.m */ = {isa = PBXFileReference; lastKnownFileType = sourcecode.c.objc; path = DGValidityTool.m; sourceTree = "<group>"; };
		633F9820216C80C900D86B96 /* DGNetWorkConfig.h */ = {isa = PBXFileReference; lastKnownFileType = sourcecode.c.h; path = DGNetWorkConfig.h; sourceTree = "<group>"; };
		633F9821216C80C900D86B96 /* DGNetWorkConfig.m */ = {isa = PBXFileReference; lastKnownFileType = sourcecode.c.objc; path = DGNetWorkConfig.m; sourceTree = "<group>"; };
		633F9823216C825C00D86B96 /* DGHttpSessionTask.h */ = {isa = PBXFileReference; lastKnownFileType = sourcecode.c.h; path = DGHttpSessionTask.h; sourceTree = "<group>"; };
		633F9824216C825C00D86B96 /* DGHttpSessionTask.m */ = {isa = PBXFileReference; lastKnownFileType = sourcecode.c.objc; path = DGHttpSessionTask.m; sourceTree = "<group>"; };
		633F9826216C82B700D86B96 /* DGHttpResponseModel.h */ = {isa = PBXFileReference; lastKnownFileType = sourcecode.c.h; path = DGHttpResponseModel.h; sourceTree = "<group>"; };
		633F9827216C82B700D86B96 /* DGHttpResponseModel.m */ = {isa = PBXFileReference; lastKnownFileType = sourcecode.c.objc; path = DGHttpResponseModel.m; sourceTree = "<group>"; };
		633F982B216C89AE00D86B96 /* DGAppTool.h */ = {isa = PBXFileReference; lastKnownFileType = sourcecode.c.h; path = DGAppTool.h; sourceTree = "<group>"; };
		633F982C216C89AE00D86B96 /* DGAppTool.m */ = {isa = PBXFileReference; lastKnownFileType = sourcecode.c.objc; path = DGAppTool.m; sourceTree = "<group>"; };
		633F982E216C954600D86B96 /* DGShare.h */ = {isa = PBXFileReference; lastKnownFileType = sourcecode.c.h; path = DGShare.h; sourceTree = "<group>"; };
		633F982F216C954600D86B96 /* DGShare.m */ = {isa = PBXFileReference; lastKnownFileType = sourcecode.c.objc; path = DGShare.m; sourceTree = "<group>"; };
		633F9832216CA84700D86B96 /* NSDictionary+DGSafe.h */ = {isa = PBXFileReference; lastKnownFileType = sourcecode.c.h; path = "NSDictionary+DGSafe.h"; sourceTree = "<group>"; };
		633F9833216CA84700D86B96 /* NSDictionary+DGSafe.m */ = {isa = PBXFileReference; lastKnownFileType = sourcecode.c.objc; path = "NSDictionary+DGSafe.m"; sourceTree = "<group>"; };
		63430EC221D3345A0034D6B9 /* UIImage+DGEffect.h */ = {isa = PBXFileReference; fileEncoding = 4; lastKnownFileType = sourcecode.c.h; path = "UIImage+DGEffect.h"; sourceTree = "<group>"; };
		63430EC321D3345A0034D6B9 /* UIImage+DGEffect.m */ = {isa = PBXFileReference; fileEncoding = 4; lastKnownFileType = sourcecode.c.objc; path = "UIImage+DGEffect.m"; sourceTree = "<group>"; };
		63430EC521D334C90034D6B9 /* UIButton+DGDefine.h */ = {isa = PBXFileReference; lastKnownFileType = sourcecode.c.h; path = "UIButton+DGDefine.h"; sourceTree = "<group>"; };
		63430EC621D334C90034D6B9 /* UIButton+DGDefine.m */ = {isa = PBXFileReference; lastKnownFileType = sourcecode.c.objc; path = "UIButton+DGDefine.m"; sourceTree = "<group>"; };
		63430EC821D3375A0034D6B9 /* DGBaseNavigationController.h */ = {isa = PBXFileReference; lastKnownFileType = sourcecode.c.h; path = DGBaseNavigationController.h; sourceTree = "<group>"; };
		63430EC921D3375A0034D6B9 /* DGBaseNavigationController.m */ = {isa = PBXFileReference; lastKnownFileType = sourcecode.c.objc; path = DGBaseNavigationController.m; sourceTree = "<group>"; };
		63430ECB21D3378E0034D6B9 /* DGBaseViewController.h */ = {isa = PBXFileReference; lastKnownFileType = sourcecode.c.h; path = DGBaseViewController.h; sourceTree = "<group>"; };
		63430ECC21D3378E0034D6B9 /* DGBaseViewController.m */ = {isa = PBXFileReference; lastKnownFileType = sourcecode.c.objc; path = DGBaseViewController.m; sourceTree = "<group>"; };
		63430ECE21D337BF0034D6B9 /* DGNavigationBar.h */ = {isa = PBXFileReference; lastKnownFileType = sourcecode.c.h; path = DGNavigationBar.h; sourceTree = "<group>"; };
		63430ECF21D337BF0034D6B9 /* DGNavigationBar.m */ = {isa = PBXFileReference; lastKnownFileType = sourcecode.c.objc; path = DGNavigationBar.m; sourceTree = "<group>"; };
		63430ED321D33A8E0034D6B9 /* DGImagePickerManager.h */ = {isa = PBXFileReference; fileEncoding = 4; lastKnownFileType = sourcecode.c.h; path = DGImagePickerManager.h; sourceTree = "<group>"; };
		63430ED421D33A8E0034D6B9 /* DGImagePickerManager.m */ = {isa = PBXFileReference; fileEncoding = 4; lastKnownFileType = sourcecode.c.objc; path = DGImagePickerManager.m; sourceTree = "<group>"; };
		63430ED521D33A8E0034D6B9 /* DGIP_Header.h */ = {isa = PBXFileReference; fileEncoding = 4; lastKnownFileType = sourcecode.c.h; path = DGIP_Header.h; sourceTree = "<group>"; };
		63430ED621D33A8E0034D6B9 /* DGToast.h */ = {isa = PBXFileReference; fileEncoding = 4; lastKnownFileType = sourcecode.c.h; path = DGToast.h; sourceTree = "<group>"; };
		63430ED721D33A8E0034D6B9 /* DGToast.m */ = {isa = PBXFileReference; fileEncoding = 4; lastKnownFileType = sourcecode.c.objc; path = DGToast.m; sourceTree = "<group>"; };
		63430ED921D33A8E0034D6B9 /* dgip_camera.png */ = {isa = PBXFileReference; lastKnownFileType = image.png; path = dgip_camera.png; sourceTree = "<group>"; };
		63430EDA21D33A8E0034D6B9 /* dgip_navi_back@2x.png */ = {isa = PBXFileReference; lastKnownFileType = image.png; path = "dgip_navi_back@2x.png"; sourceTree = "<group>"; };
		63430EDB21D33A8E0034D6B9 /* dgip_navi_back@3x.png */ = {isa = PBXFileReference; lastKnownFileType = image.png; path = "dgip_navi_back@3x.png"; sourceTree = "<group>"; };
		63430EDC21D33A8E0034D6B9 /* dgip_navi_down@2x.png */ = {isa = PBXFileReference; lastKnownFileType = image.png; path = "dgip_navi_down@2x.png"; sourceTree = "<group>"; };
		63430EDD21D33A8E0034D6B9 /* dgip_navi_down@3x.png */ = {isa = PBXFileReference; lastKnownFileType = image.png; path = "dgip_navi_down@3x.png"; sourceTree = "<group>"; };
		63430EDE21D33A8E0034D6B9 /* dgip_navi_up@2x.png */ = {isa = PBXFileReference; lastKnownFileType = image.png; path = "dgip_navi_up@2x.png"; sourceTree = "<group>"; };
		63430EDF21D33A8E0034D6B9 /* dgip_navi_up@3x.png */ = {isa = PBXFileReference; lastKnownFileType = image.png; path = "dgip_navi_up@3x.png"; sourceTree = "<group>"; };
		63430EE121D33A8E0034D6B9 /* DGImageClipVC.h */ = {isa = PBXFileReference; fileEncoding = 4; lastKnownFileType = sourcecode.c.h; path = DGImageClipVC.h; sourceTree = "<group>"; };
		63430EE221D33A8E0034D6B9 /* DGImageClipVC.m */ = {isa = PBXFileReference; fileEncoding = 4; lastKnownFileType = sourcecode.c.objc; path = DGImageClipVC.m; sourceTree = "<group>"; };
		63430EE421D33A8E0034D6B9 /* ALAsset+DGSelectImage.h */ = {isa = PBXFileReference; fileEncoding = 4; lastKnownFileType = sourcecode.c.h; path = "ALAsset+DGSelectImage.h"; sourceTree = "<group>"; };
		63430EE521D33A8E0034D6B9 /* ALAsset+DGSelectImage.m */ = {isa = PBXFileReference; fileEncoding = 4; lastKnownFileType = sourcecode.c.objc; path = "ALAsset+DGSelectImage.m"; sourceTree = "<group>"; };
		63430EE621D33A8E0034D6B9 /* DGImageSelectVC.h */ = {isa = PBXFileReference; fileEncoding = 4; lastKnownFileType = sourcecode.c.h; path = DGImageSelectVC.h; sourceTree = "<group>"; };
		63430EE721D33A8E0034D6B9 /* DGImageSelectVC.m */ = {isa = PBXFileReference; fileEncoding = 4; lastKnownFileType = sourcecode.c.objc; path = DGImageSelectVC.m; sourceTree = "<group>"; };
		63430EE921D33A8E0034D6B9 /* DGAssetsGroupListTableViewCell.h */ = {isa = PBXFileReference; fileEncoding = 4; lastKnownFileType = sourcecode.c.h; path = DGAssetsGroupListTableViewCell.h; sourceTree = "<group>"; };
		63430EEA21D33A8E0034D6B9 /* DGAssetsGroupListTableViewCell.m */ = {isa = PBXFileReference; fileEncoding = 4; lastKnownFileType = sourcecode.c.objc; path = DGAssetsGroupListTableViewCell.m; sourceTree = "<group>"; };
		63430EEB21D33A8E0034D6B9 /* DGAssetsListCollectionViewCell.h */ = {isa = PBXFileReference; fileEncoding = 4; lastKnownFileType = sourcecode.c.h; path = DGAssetsListCollectionViewCell.h; sourceTree = "<group>"; };
		63430EEC21D33A8E0034D6B9 /* DGAssetsListCollectionViewCell.m */ = {isa = PBXFileReference; fileEncoding = 4; lastKnownFileType = sourcecode.c.objc; path = DGAssetsListCollectionViewCell.m; sourceTree = "<group>"; };
		63430EED21D33A8E0034D6B9 /* DGCheckmarkView.h */ = {isa = PBXFileReference; fileEncoding = 4; lastKnownFileType = sourcecode.c.h; path = DGCheckmarkView.h; sourceTree = "<group>"; };
		63430EEE21D33A8E0034D6B9 /* DGCheckmarkView.m */ = {isa = PBXFileReference; fileEncoding = 4; lastKnownFileType = sourcecode.c.objc; path = DGCheckmarkView.m; sourceTree = "<group>"; };
		63430EF021D33A8E0034D6B9 /* DGImagePreviewVC.h */ = {isa = PBXFileReference; fileEncoding = 4; lastKnownFileType = sourcecode.c.h; path = DGImagePreviewVC.h; sourceTree = "<group>"; };
		63430EF121D33A8E0034D6B9 /* DGImagePreviewVC.m */ = {isa = PBXFileReference; fileEncoding = 4; lastKnownFileType = sourcecode.c.objc; path = DGImagePreviewVC.m; sourceTree = "<group>"; };
		63430EF221D33A8E0034D6B9 /* DGSingleImagePreviewVC.h */ = {isa = PBXFileReference; fileEncoding = 4; lastKnownFileType = sourcecode.c.h; path = DGSingleImagePreviewVC.h; sourceTree = "<group>"; };
		63430EF321D33A8E0034D6B9 /* DGSingleImagePreviewVC.m */ = {isa = PBXFileReference; fileEncoding = 4; lastKnownFileType = sourcecode.c.objc; path = DGSingleImagePreviewVC.m; sourceTree = "<group>"; };
		63430EF521D33A8E0034D6B9 /* UINavigationController+FDFullscreenPopGesture.h */ = {isa = PBXFileReference; fileEncoding = 4; lastKnownFileType = sourcecode.c.h; path = "UINavigationController+FDFullscreenPopGesture.h"; sourceTree = "<group>"; };
		63430EF621D33A8E0034D6B9 /* UINavigationController+FDFullscreenPopGesture.m */ = {isa = PBXFileReference; fileEncoding = 4; lastKnownFileType = sourcecode.c.objc; path = "UINavigationController+FDFullscreenPopGesture.m"; sourceTree = "<group>"; };
		63430F0921D35AFA0034D6B9 /* NSArray+DGSort.h */ = {isa = PBXFileReference; lastKnownFileType = sourcecode.c.h; path = "NSArray+DGSort.h"; sourceTree = "<group>"; };
		63430F0A21D35AFA0034D6B9 /* NSArray+DGSort.m */ = {isa = PBXFileReference; lastKnownFileType = sourcecode.c.objc; path = "NSArray+DGSort.m"; sourceTree = "<group>"; };
		63430F0C21D35BD30034D6B9 /* UIViewController+DGAlert.h */ = {isa = PBXFileReference; lastKnownFileType = sourcecode.c.h; path = "UIViewController+DGAlert.h"; sourceTree = "<group>"; };
		63430F0D21D35BD30034D6B9 /* UIViewController+DGAlert.m */ = {isa = PBXFileReference; lastKnownFileType = sourcecode.c.objc; path = "UIViewController+DGAlert.m"; sourceTree = "<group>"; };
		63430F0F21D35DC20034D6B9 /* DGRunLoopTaskDistribution.m */ = {isa = PBXFileReference; fileEncoding = 4; lastKnownFileType = sourcecode.c.objc; path = DGRunLoopTaskDistribution.m; sourceTree = "<group>"; };
		63430F1021D35DC20034D6B9 /* DGParseTool.h */ = {isa = PBXFileReference; fileEncoding = 4; lastKnownFileType = sourcecode.c.h; path = DGParseTool.h; sourceTree = "<group>"; };
		63430F1121D35DC20034D6B9 /* DGRunLoopTaskDistribution.h */ = {isa = PBXFileReference; fileEncoding = 4; lastKnownFileType = sourcecode.c.h; path = DGRunLoopTaskDistribution.h; sourceTree = "<group>"; };
		63430F1221D35DC20034D6B9 /* DGParseTool.m */ = {isa = PBXFileReference; fileEncoding = 4; lastKnownFileType = sourcecode.c.objc; path = DGParseTool.m; sourceTree = "<group>"; };
		63430F1B21D35FD20034D6B9 /* DGImageTool.h */ = {isa = PBXFileReference; fileEncoding = 4; lastKnownFileType = sourcecode.c.h; path = DGImageTool.h; sourceTree = "<group>"; };
		63430F1C21D35FD20034D6B9 /* DGImageTool.m */ = {isa = PBXFileReference; fileEncoding = 4; lastKnownFileType = sourcecode.c.objc; path = DGImageTool.m; sourceTree = "<group>"; };
		63430F1E21D35FE70034D6B9 /* DGItemView.h */ = {isa = PBXFileReference; fileEncoding = 4; lastKnownFileType = sourcecode.c.h; path = DGItemView.h; sourceTree = "<group>"; };
		63430F1F21D35FE70034D6B9 /* DGItemView.m */ = {isa = PBXFileReference; fileEncoding = 4; lastKnownFileType = sourcecode.c.objc; path = DGItemView.m; sourceTree = "<group>"; };
		63430F2121D35FF30034D6B9 /* DGAlertAction.h */ = {isa = PBXFileReference; fileEncoding = 4; lastKnownFileType = sourcecode.c.h; path = DGAlertAction.h; sourceTree = "<group>"; };
		63430F2221D35FF40034D6B9 /* DGAlertController.h */ = {isa = PBXFileReference; fileEncoding = 4; lastKnownFileType = sourcecode.c.h; path = DGAlertController.h; sourceTree = "<group>"; };
		63430F2321D35FF40034D6B9 /* DGAlertController.m */ = {isa = PBXFileReference; fileEncoding = 4; lastKnownFileType = sourcecode.c.objc; path = DGAlertController.m; sourceTree = "<group>"; };
		63430F2421D35FF40034D6B9 /* DGAlertAction.m */ = {isa = PBXFileReference; fileEncoding = 4; lastKnownFileType = sourcecode.c.objc; path = DGAlertAction.m; sourceTree = "<group>"; };
		63430F2721D35FFF0034D6B9 /* DGFullScreenPopView.m */ = {isa = PBXFileReference; fileEncoding = 4; lastKnownFileType = sourcecode.c.objc; path = DGFullScreenPopView.m; sourceTree = "<group>"; };
		63430F2821D35FFF0034D6B9 /* DGFullScreenPopView.h */ = {isa = PBXFileReference; fileEncoding = 4; lastKnownFileType = sourcecode.c.h; path = DGFullScreenPopView.h; sourceTree = "<group>"; };
		63430F2D21D361490034D6B9 /* DGButton.h */ = {isa = PBXFileReference; fileEncoding = 4; lastKnownFileType = sourcecode.c.h; path = DGButton.h; sourceTree = "<group>"; };
		63430F2E21D361490034D6B9 /* DGTextView.h */ = {isa = PBXFileReference; fileEncoding = 4; lastKnownFileType = sourcecode.c.h; path = DGTextView.h; sourceTree = "<group>"; };
		63430F2F21D361490034D6B9 /* DGLabel.h */ = {isa = PBXFileReference; fileEncoding = 4; lastKnownFileType = sourcecode.c.h; path = DGLabel.h; sourceTree = "<group>"; };
		63430F3021D3614A0034D6B9 /* DGTextField.h */ = {isa = PBXFileReference; fileEncoding = 4; lastKnownFileType = sourcecode.c.h; path = DGTextField.h; sourceTree = "<group>"; };
		63430F3121D3614A0034D6B9 /* DGTextField.m */ = {isa = PBXFileReference; fileEncoding = 4; lastKnownFileType = sourcecode.c.objc; path = DGTextField.m; sourceTree = "<group>"; };
		63430F3221D3614A0034D6B9 /* DGTextView.m */ = {isa = PBXFileReference; fileEncoding = 4; lastKnownFileType = sourcecode.c.objc; path = DGTextView.m; sourceTree = "<group>"; };
		63430F3321D3614A0034D6B9 /* DGButton.m */ = {isa = PBXFileReference; fileEncoding = 4; lastKnownFileType = sourcecode.c.objc; path = DGButton.m; sourceTree = "<group>"; };
		63430F3421D3614A0034D6B9 /* DGLabel.m */ = {isa = PBXFileReference; fileEncoding = 4; lastKnownFileType = sourcecode.c.objc; path = DGLabel.m; sourceTree = "<group>"; };
		63430F3921D3622F0034D6B9 /* UIImage+RTTint.m */ = {isa = PBXFileReference; fileEncoding = 4; lastKnownFileType = sourcecode.c.objc; path = "UIImage+RTTint.m"; sourceTree = "<group>"; };
		63430F3A21D3622F0034D6B9 /* UIImage+RTTint.h */ = {isa = PBXFileReference; fileEncoding = 4; lastKnownFileType = sourcecode.c.h; path = "UIImage+RTTint.h"; sourceTree = "<group>"; };
		63430F3C21D362DF0034D6B9 /* DGMacro.h */ = {isa = PBXFileReference; lastKnownFileType = sourcecode.c.h; path = DGMacro.h; sourceTree = "<group>"; };
		63430F3E21D363E50034D6B9 /* MASCompositeConstraint.h */ = {isa = PBXFileReference; fileEncoding = 4; lastKnownFileType = sourcecode.c.h; path = MASCompositeConstraint.h; sourceTree = "<group>"; };
		63430F3F21D363E50034D6B9 /* MASCompositeConstraint.m */ = {isa = PBXFileReference; fileEncoding = 4; lastKnownFileType = sourcecode.c.objc; path = MASCompositeConstraint.m; sourceTree = "<group>"; };
		63430F4021D363E50034D6B9 /* MASConstraint+Private.h */ = {isa = PBXFileReference; fileEncoding = 4; lastKnownFileType = sourcecode.c.h; path = "MASConstraint+Private.h"; sourceTree = "<group>"; };
		63430F4121D363E50034D6B9 /* MASConstraint.h */ = {isa = PBXFileReference; fileEncoding = 4; lastKnownFileType = sourcecode.c.h; path = MASConstraint.h; sourceTree = "<group>"; };
		63430F4221D363E50034D6B9 /* MASConstraint.m */ = {isa = PBXFileReference; fileEncoding = 4; lastKnownFileType = sourcecode.c.objc; path = MASConstraint.m; sourceTree = "<group>"; };
		63430F4321D363E50034D6B9 /* MASConstraintMaker.h */ = {isa = PBXFileReference; fileEncoding = 4; lastKnownFileType = sourcecode.c.h; path = MASConstraintMaker.h; sourceTree = "<group>"; };
		63430F4421D363E50034D6B9 /* MASConstraintMaker.m */ = {isa = PBXFileReference; fileEncoding = 4; lastKnownFileType = sourcecode.c.objc; path = MASConstraintMaker.m; sourceTree = "<group>"; };
		63430F4521D363E50034D6B9 /* MASLayoutConstraint.h */ = {isa = PBXFileReference; fileEncoding = 4; lastKnownFileType = sourcecode.c.h; path = MASLayoutConstraint.h; sourceTree = "<group>"; };
		63430F4621D363E50034D6B9 /* MASLayoutConstraint.m */ = {isa = PBXFileReference; fileEncoding = 4; lastKnownFileType = sourcecode.c.objc; path = MASLayoutConstraint.m; sourceTree = "<group>"; };
		63430F4721D363E50034D6B9 /* Masonry.h */ = {isa = PBXFileReference; fileEncoding = 4; lastKnownFileType = sourcecode.c.h; path = Masonry.h; sourceTree = "<group>"; };
		63430F4821D363E50034D6B9 /* MASUtilities.h */ = {isa = PBXFileReference; fileEncoding = 4; lastKnownFileType = sourcecode.c.h; path = MASUtilities.h; sourceTree = "<group>"; };
		63430F4921D363E50034D6B9 /* MASViewAttribute.h */ = {isa = PBXFileReference; fileEncoding = 4; lastKnownFileType = sourcecode.c.h; path = MASViewAttribute.h; sourceTree = "<group>"; };
		63430F4A21D363E50034D6B9 /* MASViewAttribute.m */ = {isa = PBXFileReference; fileEncoding = 4; lastKnownFileType = sourcecode.c.objc; path = MASViewAttribute.m; sourceTree = "<group>"; };
		63430F4B21D363E50034D6B9 /* MASViewConstraint.h */ = {isa = PBXFileReference; fileEncoding = 4; lastKnownFileType = sourcecode.c.h; path = MASViewConstraint.h; sourceTree = "<group>"; };
		63430F4C21D363E50034D6B9 /* MASViewConstraint.m */ = {isa = PBXFileReference; fileEncoding = 4; lastKnownFileType = sourcecode.c.objc; path = MASViewConstraint.m; sourceTree = "<group>"; };
		63430F4D21D363E50034D6B9 /* NSArray+MASAdditions.h */ = {isa = PBXFileReference; fileEncoding = 4; lastKnownFileType = sourcecode.c.h; path = "NSArray+MASAdditions.h"; sourceTree = "<group>"; };
		63430F4E21D363E50034D6B9 /* NSArray+MASAdditions.m */ = {isa = PBXFileReference; fileEncoding = 4; lastKnownFileType = sourcecode.c.objc; path = "NSArray+MASAdditions.m"; sourceTree = "<group>"; };
		63430F4F21D363E50034D6B9 /* NSArray+MASShorthandAdditions.h */ = {isa = PBXFileReference; fileEncoding = 4; lastKnownFileType = sourcecode.c.h; path = "NSArray+MASShorthandAdditions.h"; sourceTree = "<group>"; };
		63430F5021D363E50034D6B9 /* NSLayoutConstraint+MASDebugAdditions.h */ = {isa = PBXFileReference; fileEncoding = 4; lastKnownFileType = sourcecode.c.h; path = "NSLayoutConstraint+MASDebugAdditions.h"; sourceTree = "<group>"; };
		63430F5121D363E50034D6B9 /* NSLayoutConstraint+MASDebugAdditions.m */ = {isa = PBXFileReference; fileEncoding = 4; lastKnownFileType = sourcecode.c.objc; path = "NSLayoutConstraint+MASDebugAdditions.m"; sourceTree = "<group>"; };
		63430F5221D363E50034D6B9 /* View+MASAdditions.h */ = {isa = PBXFileReference; fileEncoding = 4; lastKnownFileType = sourcecode.c.h; path = "View+MASAdditions.h"; sourceTree = "<group>"; };
		63430F5321D363E50034D6B9 /* View+MASAdditions.m */ = {isa = PBXFileReference; fileEncoding = 4; lastKnownFileType = sourcecode.c.objc; path = "View+MASAdditions.m"; sourceTree = "<group>"; };
		63430F5421D363E50034D6B9 /* View+MASShorthandAdditions.h */ = {isa = PBXFileReference; fileEncoding = 4; lastKnownFileType = sourcecode.c.h; path = "View+MASShorthandAdditions.h"; sourceTree = "<group>"; };
		63430F5521D363E50034D6B9 /* ViewController+MASAdditions.h */ = {isa = PBXFileReference; fileEncoding = 4; lastKnownFileType = sourcecode.c.h; path = "ViewController+MASAdditions.h"; sourceTree = "<group>"; };
		63430F5621D363E50034D6B9 /* ViewController+MASAdditions.m */ = {isa = PBXFileReference; fileEncoding = 4; lastKnownFileType = sourcecode.c.objc; path = "ViewController+MASAdditions.m"; sourceTree = "<group>"; };
		635E6BDB217F1CB6003AAFF8 /* DGHttpRequestRecord.h */ = {isa = PBXFileReference; lastKnownFileType = sourcecode.c.h; path = DGHttpRequestRecord.h; sourceTree = "<group>"; };
		635E6BDC217F1CB6003AAFF8 /* DGHttpRequestRecord.m */ = {isa = PBXFileReference; lastKnownFileType = sourcecode.c.objc; path = DGHttpRequestRecord.m; sourceTree = "<group>"; };
		635E6BDE217F2B75003AAFF8 /* DGHttpResponseLogicModel.h */ = {isa = PBXFileReference; lastKnownFileType = sourcecode.c.h; path = DGHttpResponseLogicModel.h; sourceTree = "<group>"; };
		635E6BDF217F2B75003AAFF8 /* DGHttpResponseLogicModel.m */ = {isa = PBXFileReference; lastKnownFileType = sourcecode.c.objc; path = DGHttpResponseLogicModel.m; sourceTree = "<group>"; };
		6367643C217054CE00117BE7 /* DGScannerTool.h */ = {isa = PBXFileReference; lastKnownFileType = sourcecode.c.h; path = DGScannerTool.h; sourceTree = "<group>"; };
		6367643D217054CE00117BE7 /* DGScannerTool.m */ = {isa = PBXFileReference; lastKnownFileType = sourcecode.c.objc; path = DGScannerTool.m; sourceTree = "<group>"; };
		6367643F217096F400117BE7 /* UINavigationController+DGHook.h */ = {isa = PBXFileReference; lastKnownFileType = sourcecode.c.h; path = "UINavigationController+DGHook.h"; sourceTree = "<group>"; };
		63676440217096F400117BE7 /* UINavigationController+DGHook.m */ = {isa = PBXFileReference; lastKnownFileType = sourcecode.c.objc; path = "UINavigationController+DGHook.m"; sourceTree = "<group>"; };
		6369413A21D475EA00EF6D9A /* NSString+DGTool.h */ = {isa = PBXFileReference; lastKnownFileType = sourcecode.c.h; path = "NSString+DGTool.h"; sourceTree = "<group>"; };
		6369413B21D475EA00EF6D9A /* NSString+DGTool.m */ = {isa = PBXFileReference; lastKnownFileType = sourcecode.c.objc; path = "NSString+DGTool.m"; sourceTree = "<group>"; };
		6378E06C215DD4180046F7FA /* DGTool.app */ = {isa = PBXFileReference; explicitFileType = wrapper.application; includeInIndex = 0; path = DGTool.app; sourceTree = BUILT_PRODUCTS_DIR; };
		6378E06F215DD4180046F7FA /* AppDelegate.h */ = {isa = PBXFileReference; lastKnownFileType = sourcecode.c.h; path = AppDelegate.h; sourceTree = "<group>"; };
		6378E070215DD4180046F7FA /* AppDelegate.m */ = {isa = PBXFileReference; lastKnownFileType = sourcecode.c.objc; path = AppDelegate.m; sourceTree = "<group>"; };
		6378E072215DD4180046F7FA /* ViewController.h */ = {isa = PBXFileReference; lastKnownFileType = sourcecode.c.h; path = ViewController.h; sourceTree = "<group>"; };
		6378E073215DD4180046F7FA /* ViewController.m */ = {isa = PBXFileReference; lastKnownFileType = sourcecode.c.objc; path = ViewController.m; sourceTree = "<group>"; };
		6378E076215DD4180046F7FA /* Base */ = {isa = PBXFileReference; lastKnownFileType = file.storyboard; name = Base; path = Base.lproj/Main.storyboard; sourceTree = "<group>"; };
		6378E078215DD41A0046F7FA /* Assets.xcassets */ = {isa = PBXFileReference; lastKnownFileType = folder.assetcatalog; path = Assets.xcassets; sourceTree = "<group>"; };
		6378E07B215DD41A0046F7FA /* Base */ = {isa = PBXFileReference; lastKnownFileType = file.storyboard; name = Base; path = Base.lproj/LaunchScreen.storyboard; sourceTree = "<group>"; };
		6378E07D215DD41A0046F7FA /* Info.plist */ = {isa = PBXFileReference; lastKnownFileType = text.plist.xml; path = Info.plist; sourceTree = "<group>"; };
		6378E07E215DD41A0046F7FA /* main.m */ = {isa = PBXFileReference; lastKnownFileType = sourcecode.c.objc; path = main.m; sourceTree = "<group>"; };
		637C252921805C8B0050C4FF /* PrefixHeader.pch */ = {isa = PBXFileReference; lastKnownFileType = sourcecode.c.h; path = PrefixHeader.pch; sourceTree = "<group>"; };
		637C4DD721D1D0BA002180BD /* NSDate+DGTool.h */ = {isa = PBXFileReference; lastKnownFileType = sourcecode.c.h; path = "NSDate+DGTool.h"; sourceTree = "<group>"; };
		637C4DD821D1D0BA002180BD /* NSDate+DGTool.m */ = {isa = PBXFileReference; lastKnownFileType = sourcecode.c.objc; path = "NSDate+DGTool.m"; sourceTree = "<group>"; };
		63D3F05C21D0E0580028679B /* NSMutableDictionary+DGSafe.m */ = {isa = PBXFileReference; fileEncoding = 4; lastKnownFileType = sourcecode.c.objc; path = "NSMutableDictionary+DGSafe.m"; sourceTree = "<group>"; };
		63D3F05D21D0E0590028679B /* NSMutableDictionary+DGSafe.h */ = {isa = PBXFileReference; fileEncoding = 4; lastKnownFileType = sourcecode.c.h; path = "NSMutableDictionary+DGSafe.h"; sourceTree = "<group>"; };
		63D3F05F21D0E06A0028679B /* NSObject+DGRuntime.h */ = {isa = PBXFileReference; fileEncoding = 4; lastKnownFileType = sourcecode.c.h; path = "NSObject+DGRuntime.h"; sourceTree = "<group>"; };
		63D3F06021D0E06A0028679B /* NSObject+DGRuntime.m */ = {isa = PBXFileReference; fileEncoding = 4; lastKnownFileType = sourcecode.c.objc; path = "NSObject+DGRuntime.m"; sourceTree = "<group>"; };
		63FCD0C5216D9B9500516026 /* DGHookTrack.h */ = {isa = PBXFileReference; lastKnownFileType = sourcecode.c.h; path = DGHookTrack.h; sourceTree = "<group>"; };
		63FCD0C6216D9B9500516026 /* DGHookTrack.m */ = {isa = PBXFileReference; lastKnownFileType = sourcecode.c.objc; path = DGHookTrack.m; sourceTree = "<group>"; };
		EC152205C9F597401486EE93 /* Pods-DGTool.release.xcconfig */ = {isa = PBXFileReference; includeInIndex = 1; lastKnownFileType = text.xcconfig; name = "Pods-DGTool.release.xcconfig"; path = "Pods/Target Support Files/Pods-DGTool/Pods-DGTool.release.xcconfig"; sourceTree = "<group>"; };
/* End PBXFileReference section */

/* Begin PBXFrameworksBuildPhase section */
		6378E069215DD4180046F7FA /* Frameworks */ = {
			isa = PBXFrameworksBuildPhase;
			buildActionMask = 2147483647;
			files = (
				055C42DFFF436597D85FD84B /* Pods_DGTool.framework in Frameworks */,
			);
			runOnlyForDeploymentPostprocessing = 0;
		};
/* End PBXFrameworksBuildPhase section */

/* Begin PBXGroup section */
		633F9829216C84F800D86B96 /* Tools */ = {
			isa = PBXGroup;
			children = (
				633F982B216C89AE00D86B96 /* DGAppTool.h */,
				633F982C216C89AE00D86B96 /* DGAppTool.m */,
				63430F1021D35DC20034D6B9 /* DGParseTool.h */,
				63430F1221D35DC20034D6B9 /* DGParseTool.m */,
				63430F1B21D35FD20034D6B9 /* DGImageTool.h */,
				63430F1C21D35FD20034D6B9 /* DGImageTool.m */,
				6311752421D71811006C5EFE /* DGValidityTool.h */,
				6311752521D71811006C5EFE /* DGValidityTool.m */,
				63430F1121D35DC20034D6B9 /* DGRunLoopTaskDistribution.h */,
				63430F0F21D35DC20034D6B9 /* DGRunLoopTaskDistribution.m */,
			);
			path = Tools;
			sourceTree = "<group>";
		};
		633F9831216CA72100D86B96 /* Categories */ = {
			isa = PBXGroup;
			children = (
				63430EC121D3345A0034D6B9 /* UI */,
				63D3F05F21D0E06A0028679B /* NSObject+DGRuntime.h */,
				63D3F06021D0E06A0028679B /* NSObject+DGRuntime.m */,
				633F9832216CA84700D86B96 /* NSDictionary+DGSafe.h */,
				633F9833216CA84700D86B96 /* NSDictionary+DGSafe.m */,
				63D3F05D21D0E0590028679B /* NSMutableDictionary+DGSafe.h */,
				63D3F05C21D0E0580028679B /* NSMutableDictionary+DGSafe.m */,
				6367643F217096F400117BE7 /* UINavigationController+DGHook.h */,
				63676440217096F400117BE7 /* UINavigationController+DGHook.m */,
				637C4DD721D1D0BA002180BD /* NSDate+DGTool.h */,
				637C4DD821D1D0BA002180BD /* NSDate+DGTool.m */,
				63430F0921D35AFA0034D6B9 /* NSArray+DGSort.h */,
				63430F0A21D35AFA0034D6B9 /* NSArray+DGSort.m */,
				6369413A21D475EA00EF6D9A /* NSString+DGTool.h */,
				6369413B21D475EA00EF6D9A /* NSString+DGTool.m */,
			);
			path = Categories;
			sourceTree = "<group>";
		};
		63430EC121D3345A0034D6B9 /* UI */ = {
			isa = PBXGroup;
			children = (
				63430EC221D3345A0034D6B9 /* UIImage+DGEffect.h */,
				63430EC321D3345A0034D6B9 /* UIImage+DGEffect.m */,
				63430EC521D334C90034D6B9 /* UIButton+DGDefine.h */,
				63430EC621D334C90034D6B9 /* UIButton+DGDefine.m */,
				63430F0C21D35BD30034D6B9 /* UIViewController+DGAlert.h */,
				63430F0D21D35BD30034D6B9 /* UIViewController+DGAlert.m */,
			);
			path = UI;
			sourceTree = "<group>";
		};
		63430ED121D33A8E0034D6B9 /* thd */ = {
			isa = PBXGroup;
			children = (
				63430F3A21D3622F0034D6B9 /* UIImage+RTTint.h */,
				63430F3921D3622F0034D6B9 /* UIImage+RTTint.m */,
				63430F3D21D363E50034D6B9 /* Masonry */,
				63430ED221D33A8E0034D6B9 /* DGImagePicker(选图片) */,
				63430EF421D33A8E0034D6B9 /* FDFullscreenPopGesture */,
			);
			path = thd;
			sourceTree = "<group>";
		};
		63430ED221D33A8E0034D6B9 /* DGImagePicker(选图片) */ = {
			isa = PBXGroup;
			children = (
				63430ED321D33A8E0034D6B9 /* DGImagePickerManager.h */,
				63430ED421D33A8E0034D6B9 /* DGImagePickerManager.m */,
				63430ED521D33A8E0034D6B9 /* DGIP_Header.h */,
				63430ED621D33A8E0034D6B9 /* DGToast.h */,
				63430ED721D33A8E0034D6B9 /* DGToast.m */,
				63430ED821D33A8E0034D6B9 /* icons */,
				63430EE021D33A8E0034D6B9 /* 裁剪 */,
				63430EE321D33A8E0034D6B9 /* 选图 */,
				63430EEF21D33A8E0034D6B9 /* 预览 */,
			);
			path = "DGImagePicker(选图片)";
			sourceTree = "<group>";
		};
		63430ED821D33A8E0034D6B9 /* icons */ = {
			isa = PBXGroup;
			children = (
				63430ED921D33A8E0034D6B9 /* dgip_camera.png */,
				63430EDA21D33A8E0034D6B9 /* dgip_navi_back@2x.png */,
				63430EDB21D33A8E0034D6B9 /* dgip_navi_back@3x.png */,
				63430EDC21D33A8E0034D6B9 /* dgip_navi_down@2x.png */,
				63430EDD21D33A8E0034D6B9 /* dgip_navi_down@3x.png */,
				63430EDE21D33A8E0034D6B9 /* dgip_navi_up@2x.png */,
				63430EDF21D33A8E0034D6B9 /* dgip_navi_up@3x.png */,
			);
			path = icons;
			sourceTree = "<group>";
		};
		63430EE021D33A8E0034D6B9 /* 裁剪 */ = {
			isa = PBXGroup;
			children = (
				63430EE121D33A8E0034D6B9 /* DGImageClipVC.h */,
				63430EE221D33A8E0034D6B9 /* DGImageClipVC.m */,
			);
			path = "裁剪";
			sourceTree = "<group>";
		};
		63430EE321D33A8E0034D6B9 /* 选图 */ = {
			isa = PBXGroup;
			children = (
				63430EE421D33A8E0034D6B9 /* ALAsset+DGSelectImage.h */,
				63430EE521D33A8E0034D6B9 /* ALAsset+DGSelectImage.m */,
				63430EE621D33A8E0034D6B9 /* DGImageSelectVC.h */,
				63430EE721D33A8E0034D6B9 /* DGImageSelectVC.m */,
				63430EE821D33A8E0034D6B9 /* View */,
			);
			path = "选图";
			sourceTree = "<group>";
		};
		63430EE821D33A8E0034D6B9 /* View */ = {
			isa = PBXGroup;
			children = (
				63430EE921D33A8E0034D6B9 /* DGAssetsGroupListTableViewCell.h */,
				63430EEA21D33A8E0034D6B9 /* DGAssetsGroupListTableViewCell.m */,
				63430EEB21D33A8E0034D6B9 /* DGAssetsListCollectionViewCell.h */,
				63430EEC21D33A8E0034D6B9 /* DGAssetsListCollectionViewCell.m */,
				63430EED21D33A8E0034D6B9 /* DGCheckmarkView.h */,
				63430EEE21D33A8E0034D6B9 /* DGCheckmarkView.m */,
			);
			path = View;
			sourceTree = "<group>";
		};
		63430EEF21D33A8E0034D6B9 /* 预览 */ = {
			isa = PBXGroup;
			children = (
				63430EF021D33A8E0034D6B9 /* DGImagePreviewVC.h */,
				63430EF121D33A8E0034D6B9 /* DGImagePreviewVC.m */,
				63430EF221D33A8E0034D6B9 /* DGSingleImagePreviewVC.h */,
				63430EF321D33A8E0034D6B9 /* DGSingleImagePreviewVC.m */,
			);
			path = "预览";
			sourceTree = "<group>";
		};
		63430EF421D33A8E0034D6B9 /* FDFullscreenPopGesture */ = {
			isa = PBXGroup;
			children = (
				63430EF521D33A8E0034D6B9 /* UINavigationController+FDFullscreenPopGesture.h */,
				63430EF621D33A8E0034D6B9 /* UINavigationController+FDFullscreenPopGesture.m */,
			);
			path = FDFullscreenPopGesture;
			sourceTree = "<group>";
		};
		63430F1621D35F2D0034D6B9 /* Alert */ = {
			isa = PBXGroup;
			children = (
				63430F2121D35FF30034D6B9 /* DGAlertAction.h */,
				63430F2421D35FF40034D6B9 /* DGAlertAction.m */,
				63430F2221D35FF40034D6B9 /* DGAlertController.h */,
				63430F2321D35FF40034D6B9 /* DGAlertController.m */,
			);
			path = Alert;
			sourceTree = "<group>";
		};
		63430F1721D35F340034D6B9 /* Pop */ = {
			isa = PBXGroup;
			children = (
				63430F2821D35FFF0034D6B9 /* DGFullScreenPopView.h */,
				63430F2721D35FFF0034D6B9 /* DGFullScreenPopView.m */,
			);
			path = Pop;
			sourceTree = "<group>";
		};
		63430F3D21D363E50034D6B9 /* Masonry */ = {
			isa = PBXGroup;
			children = (
				63430F3E21D363E50034D6B9 /* MASCompositeConstraint.h */,
				63430F3F21D363E50034D6B9 /* MASCompositeConstraint.m */,
				63430F4021D363E50034D6B9 /* MASConstraint+Private.h */,
				63430F4121D363E50034D6B9 /* MASConstraint.h */,
				63430F4221D363E50034D6B9 /* MASConstraint.m */,
				63430F4321D363E50034D6B9 /* MASConstraintMaker.h */,
				63430F4421D363E50034D6B9 /* MASConstraintMaker.m */,
				63430F4521D363E50034D6B9 /* MASLayoutConstraint.h */,
				63430F4621D363E50034D6B9 /* MASLayoutConstraint.m */,
				63430F4721D363E50034D6B9 /* Masonry.h */,
				63430F4821D363E50034D6B9 /* MASUtilities.h */,
				63430F4921D363E50034D6B9 /* MASViewAttribute.h */,
				63430F4A21D363E50034D6B9 /* MASViewAttribute.m */,
				63430F4B21D363E50034D6B9 /* MASViewConstraint.h */,
				63430F4C21D363E50034D6B9 /* MASViewConstraint.m */,
				63430F4D21D363E50034D6B9 /* NSArray+MASAdditions.h */,
				63430F4E21D363E50034D6B9 /* NSArray+MASAdditions.m */,
				63430F4F21D363E50034D6B9 /* NSArray+MASShorthandAdditions.h */,
				63430F5021D363E50034D6B9 /* NSLayoutConstraint+MASDebugAdditions.h */,
				63430F5121D363E50034D6B9 /* NSLayoutConstraint+MASDebugAdditions.m */,
				63430F5221D363E50034D6B9 /* View+MASAdditions.h */,
				63430F5321D363E50034D6B9 /* View+MASAdditions.m */,
				63430F5421D363E50034D6B9 /* View+MASShorthandAdditions.h */,
				63430F5521D363E50034D6B9 /* ViewController+MASAdditions.h */,
				63430F5621D363E50034D6B9 /* ViewController+MASAdditions.m */,
			);
			path = Masonry;
			sourceTree = "<group>";
		};
		6378E063215DD4180046F7FA = {
			isa = PBXGroup;
			children = (
				6378E06E215DD4180046F7FA /* DGTool */,
				6378E06D215DD4180046F7FA /* Products */,
				CCDB34424754249092F6AF83 /* Pods */,
				F834B6C75479C866FA54C7FD /* Frameworks */,
			);
			sourceTree = "<group>";
		};
		6378E06D215DD4180046F7FA /* Products */ = {
			isa = PBXGroup;
			children = (
				6378E06C215DD4180046F7FA /* DGTool.app */,
			);
			name = Products;
			sourceTree = "<group>";
		};
		6378E06E215DD4180046F7FA /* DGTool */ = {
			isa = PBXGroup;
			children = (
				63430ED121D33A8E0034D6B9 /* thd */,
				637C252221805C0D0050C4FF /* Base */,
				633F9831216CA72100D86B96 /* Categories */,
				633F9829216C84F800D86B96 /* Tools */,
				6378E086215DD49B0046F7FA /* Network */,
				6378E087215DD49B0046F7FA /* 自定义控件 */,
				6378E06F215DD4180046F7FA /* AppDelegate.h */,
				6378E070215DD4180046F7FA /* AppDelegate.m */,
				6378E072215DD4180046F7FA /* ViewController.h */,
				6378E073215DD4180046F7FA /* ViewController.m */,
				6378E075215DD4180046F7FA /* Main.storyboard */,
				6378E078215DD41A0046F7FA /* Assets.xcassets */,
				6378E07A215DD41A0046F7FA /* LaunchScreen.storyboard */,
				6378E07D215DD41A0046F7FA /* Info.plist */,
				6378E07E215DD41A0046F7FA /* main.m */,
				63430F3C21D362DF0034D6B9 /* DGMacro.h */,
				637C252921805C8B0050C4FF /* PrefixHeader.pch */,
			);
			path = DGTool;
			sourceTree = "<group>";
		};
		6378E086215DD49B0046F7FA /* Network */ = {
			isa = PBXGroup;
			children = (
				633F9820216C80C900D86B96 /* DGNetWorkConfig.h */,
				633F9821216C80C900D86B96 /* DGNetWorkConfig.m */,
				633F9823216C825C00D86B96 /* DGHttpSessionTask.h */,
				633F9824216C825C00D86B96 /* DGHttpSessionTask.m */,
				633F9826216C82B700D86B96 /* DGHttpResponseModel.h */,
				633F9827216C82B700D86B96 /* DGHttpResponseModel.m */,
				635E6BDE217F2B75003AAFF8 /* DGHttpResponseLogicModel.h */,
				635E6BDF217F2B75003AAFF8 /* DGHttpResponseLogicModel.m */,
				635E6BDB217F1CB6003AAFF8 /* DGHttpRequestRecord.h */,
				635E6BDC217F1CB6003AAFF8 /* DGHttpRequestRecord.m */,
				63FCD0C5216D9B9500516026 /* DGHookTrack.h */,
				63FCD0C6216D9B9500516026 /* DGHookTrack.m */,
				6367643C217054CE00117BE7 /* DGScannerTool.h */,
				6367643D217054CE00117BE7 /* DGScannerTool.m */,
				633F982E216C954600D86B96 /* DGShare.h */,
				633F982F216C954600D86B96 /* DGShare.m */,
			);
			path = Network;
			sourceTree = "<group>";
		};
		6378E087215DD49B0046F7FA /* 自定义控件 */ = {
			isa = PBXGroup;
			children = (
				63430F1E21D35FE70034D6B9 /* DGItemView.h */,
				63430F1F21D35FE70034D6B9 /* DGItemView.m */,
				63430F2D21D361490034D6B9 /* DGButton.h */,
				63430F3321D3614A0034D6B9 /* DGButton.m */,
				63430F2F21D361490034D6B9 /* DGLabel.h */,
				63430F3421D3614A0034D6B9 /* DGLabel.m */,
				63430F3021D3614A0034D6B9 /* DGTextField.h */,
				63430F3121D3614A0034D6B9 /* DGTextField.m */,
				63430F2E21D361490034D6B9 /* DGTextView.h */,
				63430F3221D3614A0034D6B9 /* DGTextView.m */,
				63430F1721D35F340034D6B9 /* Pop */,
				63430F1621D35F2D0034D6B9 /* Alert */,
			);
			path = "自定义控件";
			sourceTree = "<group>";
		};
		637C252221805C0D0050C4FF /* Base */ = {
			isa = PBXGroup;
			children = (
				63430EC821D3375A0034D6B9 /* DGBaseNavigationController.h */,
				63430EC921D3375A0034D6B9 /* DGBaseNavigationController.m */,
				63430ECB21D3378E0034D6B9 /* DGBaseViewController.h */,
				63430ECC21D3378E0034D6B9 /* DGBaseViewController.m */,
				63430ECE21D337BF0034D6B9 /* DGNavigationBar.h */,
				63430ECF21D337BF0034D6B9 /* DGNavigationBar.m */,
			);
			path = Base;
			sourceTree = "<group>";
		};
		CCDB34424754249092F6AF83 /* Pods */ = {
			isa = PBXGroup;
			children = (
				49CEBA68EF42638B6202BC31 /* Pods-DGTool.debug.xcconfig */,
				EC152205C9F597401486EE93 /* Pods-DGTool.release.xcconfig */,
			);
			name = Pods;
			sourceTree = "<group>";
		};
		F834B6C75479C866FA54C7FD /* Frameworks */ = {
			isa = PBXGroup;
			children = (
				306A997E4F3FE98DECC9E2F3 /* Pods_DGTool.framework */,
			);
			name = Frameworks;
			sourceTree = "<group>";
		};
/* End PBXGroup section */

/* Begin PBXNativeTarget section */
		6378E06B215DD4180046F7FA /* DGTool */ = {
			isa = PBXNativeTarget;
			buildConfigurationList = 6378E082215DD41A0046F7FA /* Build configuration list for PBXNativeTarget "DGTool" */;
			buildPhases = (
				A184FFB18EE0845F3B2B3622 /* [CP] Check Pods Manifest.lock */,
				6378E068215DD4180046F7FA /* Sources */,
				6378E069215DD4180046F7FA /* Frameworks */,
				6378E06A215DD4180046F7FA /* Resources */,
				9AE757A5111FD98DF22990D7 /* [CP] Embed Pods Frameworks */,
			);
			buildRules = (
			);
			dependencies = (
			);
			name = DGTool;
			productName = DGTool;
			productReference = 6378E06C215DD4180046F7FA /* DGTool.app */;
			productType = "com.apple.product-type.application";
		};
/* End PBXNativeTarget section */

/* Begin PBXProject section */
		6378E064215DD4180046F7FA /* Project object */ = {
			isa = PBXProject;
			attributes = {
				LastUpgradeCheck = 0940;
				ORGANIZATIONNAME = david;
				TargetAttributes = {
					6378E06B215DD4180046F7FA = {
						CreatedOnToolsVersion = 9.4.1;
					};
				};
			};
			buildConfigurationList = 6378E067215DD4180046F7FA /* Build configuration list for PBXProject "DGTool" */;
			compatibilityVersion = "Xcode 9.3";
			developmentRegion = en;
			hasScannedForEncodings = 0;
			knownRegions = (
				en,
				Base,
			);
			mainGroup = 6378E063215DD4180046F7FA;
			productRefGroup = 6378E06D215DD4180046F7FA /* Products */;
			projectDirPath = "";
			projectRoot = "";
			targets = (
				6378E06B215DD4180046F7FA /* DGTool */,
			);
		};
/* End PBXProject section */

/* Begin PBXResourcesBuildPhase section */
		6378E06A215DD4180046F7FA /* Resources */ = {
			isa = PBXResourcesBuildPhase;
			buildActionMask = 2147483647;
			files = (
				63430EFF21D33A8E0034D6B9 /* dgip_navi_up@3x.png in Resources */,
				63430EFE21D33A8E0034D6B9 /* dgip_navi_up@2x.png in Resources */,
				63430EFB21D33A8E0034D6B9 /* dgip_navi_back@3x.png in Resources */,
				6378E07C215DD41A0046F7FA /* LaunchScreen.storyboard in Resources */,
				63430EFC21D33A8E0034D6B9 /* dgip_navi_down@2x.png in Resources */,
				63430EFD21D33A8E0034D6B9 /* dgip_navi_down@3x.png in Resources */,
				63430EFA21D33A8E0034D6B9 /* dgip_navi_back@2x.png in Resources */,
				6378E079215DD41A0046F7FA /* Assets.xcassets in Resources */,
				63430EF921D33A8E0034D6B9 /* dgip_camera.png in Resources */,
				6378E077215DD4180046F7FA /* Main.storyboard in Resources */,
			);
			runOnlyForDeploymentPostprocessing = 0;
		};
/* End PBXResourcesBuildPhase section */

/* Begin PBXShellScriptBuildPhase section */
		9AE757A5111FD98DF22990D7 /* [CP] Embed Pods Frameworks */ = {
			isa = PBXShellScriptBuildPhase;
			buildActionMask = 2147483647;
			files = (
			);
			inputPaths = (
				"${SRCROOT}/Pods/Target Support Files/Pods-DGTool/Pods-DGTool-frameworks.sh",
				"${BUILT_PRODUCTS_DIR}/MMKV/MMKV.framework",
			);
			name = "[CP] Embed Pods Frameworks";
			outputPaths = (
				"${TARGET_BUILD_DIR}/${FRAMEWORKS_FOLDER_PATH}/MMKV.framework",
			);
			runOnlyForDeploymentPostprocessing = 0;
			shellPath = /bin/sh;
			shellScript = "\"${SRCROOT}/Pods/Target Support Files/Pods-DGTool/Pods-DGTool-frameworks.sh\"\n";
			showEnvVarsInLog = 0;
		};
		A184FFB18EE0845F3B2B3622 /* [CP] Check Pods Manifest.lock */ = {
			isa = PBXShellScriptBuildPhase;
			buildActionMask = 2147483647;
			files = (
			);
			inputPaths = (
				"${PODS_PODFILE_DIR_PATH}/Podfile.lock",
				"${PODS_ROOT}/Manifest.lock",
			);
			name = "[CP] Check Pods Manifest.lock";
			outputPaths = (
				"$(DERIVED_FILE_DIR)/Pods-DGTool-checkManifestLockResult.txt",
			);
			runOnlyForDeploymentPostprocessing = 0;
			shellPath = /bin/sh;
			shellScript = "diff \"${PODS_PODFILE_DIR_PATH}/Podfile.lock\" \"${PODS_ROOT}/Manifest.lock\" > /dev/null\nif [ $? != 0 ] ; then\n    # print error to STDERR\n    echo \"error: The sandbox is not in sync with the Podfile.lock. Run 'pod install' or update your CocoaPods installation.\" >&2\n    exit 1\nfi\n# This output is used by Xcode 'outputs' to avoid re-running this script phase.\necho \"SUCCESS\" > \"${SCRIPT_OUTPUT_FILE_0}\"\n";
			showEnvVarsInLog = 0;
		};
/* End PBXShellScriptBuildPhase section */

/* Begin PBXSourcesBuildPhase section */
		6378E068215DD4180046F7FA /* Sources */ = {
			isa = PBXSourcesBuildPhase;
			buildActionMask = 2147483647;
			files = (
				6369413C21D475EA00EF6D9A /* NSString+DGTool.m in Sources */,
				6311752621D71811006C5EFE /* DGValidityTool.m in Sources */,
				633F9830216C954600D86B96 /* DGShare.m in Sources */,
				63430F0021D33A8E0034D6B9 /* DGImageClipVC.m in Sources */,
				63430F0321D33A8E0034D6B9 /* DGAssetsGroupListTableViewCell.m in Sources */,
				6378E074215DD4180046F7FA /* ViewController.m in Sources */,
				63430F0B21D35AFA0034D6B9 /* NSArray+DGSort.m in Sources */,
				63430EF821D33A8E0034D6B9 /* DGToast.m in Sources */,
				63430F1321D35DC20034D6B9 /* DGRunLoopTaskDistribution.m in Sources */,
				63676441217096F400117BE7 /* UINavigationController+DGHook.m in Sources */,
				637C4DD921D1D0BA002180BD /* NSDate+DGTool.m in Sources */,
				63430F0621D33A8E0034D6B9 /* DGImagePreviewVC.m in Sources */,
				63430F1421D35DC20034D6B9 /* DGParseTool.m in Sources */,
				633F9825216C825C00D86B96 /* DGHttpSessionTask.m in Sources */,
				63430F5821D363E50034D6B9 /* MASConstraint.m in Sources */,
				63430F5C21D363E50034D6B9 /* MASViewConstraint.m in Sources */,
				6367643E217054CE00117BE7 /* DGScannerTool.m in Sources */,
				63430F3521D3614A0034D6B9 /* DGTextField.m in Sources */,
				633F9828216C82B700D86B96 /* DGHttpResponseModel.m in Sources */,
				6378E07F215DD41A0046F7FA /* main.m in Sources */,
				63430ED021D337BF0034D6B9 /* DGNavigationBar.m in Sources */,
				63D3F06121D0E06A0028679B /* NSObject+DGRuntime.m in Sources */,
				63430F5F21D363E50034D6B9 /* View+MASAdditions.m in Sources */,
				63FCD0C7216D9B9500516026 /* DGHookTrack.m in Sources */,
				633F982D216C89AE00D86B96 /* DGAppTool.m in Sources */,
				63430F5921D363E50034D6B9 /* MASConstraintMaker.m in Sources */,
				63430F0521D33A8E0034D6B9 /* DGCheckmarkView.m in Sources */,
				635E6BE0217F2B75003AAFF8 /* DGHttpResponseLogicModel.m in Sources */,
				633F9834216CA84700D86B96 /* NSDictionary+DGSafe.m in Sources */,
				63430F5B21D363E50034D6B9 /* MASViewAttribute.m in Sources */,
				63430F0121D33A8E0034D6B9 /* ALAsset+DGSelectImage.m in Sources */,
				63430F6021D363E50034D6B9 /* ViewController+MASAdditions.m in Sources */,
				633F9822216C80C900D86B96 /* DGNetWorkConfig.m in Sources */,
				63430ECA21D3375A0034D6B9 /* DGBaseNavigationController.m in Sources */,
				63430F5A21D363E50034D6B9 /* MASLayoutConstraint.m in Sources */,
				63430F2921D35FFF0034D6B9 /* DGFullScreenPopView.m in Sources */,
				63430EC721D334C90034D6B9 /* UIButton+DGDefine.m in Sources */,
				63430F5E21D363E50034D6B9 /* NSLayoutConstraint+MASDebugAdditions.m in Sources */,
				63430F5721D363E50034D6B9 /* MASCompositeConstraint.m in Sources */,
				63430F2521D35FF40034D6B9 /* DGAlertController.m in Sources */,
				63430F2621D35FF40034D6B9 /* DGAlertAction.m in Sources */,
				63430F0E21D35BD30034D6B9 /* UIViewController+DGAlert.m in Sources */,
				63D3F05E21D0E0590028679B /* NSMutableDictionary+DGSafe.m in Sources */,
				63430F0721D33A8E0034D6B9 /* DGSingleImagePreviewVC.m in Sources */,
				63430F0421D33A8E0034D6B9 /* DGAssetsListCollectionViewCell.m in Sources */,
				63430F0221D33A8E0034D6B9 /* DGImageSelectVC.m in Sources */,
				63430EF721D33A8E0034D6B9 /* DGImagePickerManager.m in Sources */,
				63430F3621D3614A0034D6B9 /* DGTextView.m in Sources */,
				63430F0821D33A8E0034D6B9 /* UINavigationController+FDFullscreenPopGesture.m in Sources */,
				63430F3721D3614A0034D6B9 /* DGButton.m in Sources */,
				63430F2021D35FE70034D6B9 /* DGItemView.m in Sources */,
				63430EC421D3345A0034D6B9 /* UIImage+DGEffect.m in Sources */,
				63430F1D21D35FD20034D6B9 /* DGImageTool.m in Sources */,
				63430ECD21D3378E0034D6B9 /* DGBaseViewController.m in Sources */,
				63430F3B21D362300034D6B9 /* UIImage+RTTint.m in Sources */,
				63430F5D21D363E50034D6B9 /* NSArray+MASAdditions.m in Sources */,
				6378E071215DD4180046F7FA /* AppDelegate.m in Sources */,
				635E6BDD217F1CB6003AAFF8 /* DGHttpRequestRecord.m in Sources */,
				63430F3821D3614A0034D6B9 /* DGLabel.m in Sources */,
			);
			runOnlyForDeploymentPostprocessing = 0;
		};
/* End PBXSourcesBuildPhase section */

/* Begin PBXVariantGroup section */
		6378E075215DD4180046F7FA /* Main.storyboard */ = {
			isa = PBXVariantGroup;
			children = (
				6378E076215DD4180046F7FA /* Base */,
			);
			name = Main.storyboard;
			sourceTree = "<group>";
		};
		6378E07A215DD41A0046F7FA /* LaunchScreen.storyboard */ = {
			isa = PBXVariantGroup;
			children = (
				6378E07B215DD41A0046F7FA /* Base */,
			);
			name = LaunchScreen.storyboard;
			sourceTree = "<group>";
		};
/* End PBXVariantGroup section */

/* Begin XCBuildConfiguration section */
		6378E080215DD41A0046F7FA /* Debug */ = {
			isa = XCBuildConfiguration;
			buildSettings = {
				ALWAYS_SEARCH_USER_PATHS = NO;
				CLANG_ANALYZER_NONNULL = YES;
				CLANG_ANALYZER_NUMBER_OBJECT_CONVERSION = YES_AGGRESSIVE;
				CLANG_CXX_LANGUAGE_STANDARD = "gnu++14";
				CLANG_CXX_LIBRARY = "libc++";
				CLANG_ENABLE_MODULES = YES;
				CLANG_ENABLE_OBJC_ARC = YES;
				CLANG_ENABLE_OBJC_WEAK = YES;
				CLANG_WARN_BLOCK_CAPTURE_AUTORELEASING = YES;
				CLANG_WARN_BOOL_CONVERSION = YES;
				CLANG_WARN_COMMA = YES;
				CLANG_WARN_CONSTANT_CONVERSION = YES;
				CLANG_WARN_DEPRECATED_OBJC_IMPLEMENTATIONS = YES;
				CLANG_WARN_DIRECT_OBJC_ISA_USAGE = YES_ERROR;
				CLANG_WARN_DOCUMENTATION_COMMENTS = YES;
				CLANG_WARN_EMPTY_BODY = YES;
				CLANG_WARN_ENUM_CONVERSION = YES;
				CLANG_WARN_INFINITE_RECURSION = YES;
				CLANG_WARN_INT_CONVERSION = YES;
				CLANG_WARN_NON_LITERAL_NULL_CONVERSION = YES;
				CLANG_WARN_OBJC_IMPLICIT_RETAIN_SELF = YES;
				CLANG_WARN_OBJC_LITERAL_CONVERSION = YES;
				CLANG_WARN_OBJC_ROOT_CLASS = YES_ERROR;
				CLANG_WARN_RANGE_LOOP_ANALYSIS = YES;
				CLANG_WARN_STRICT_PROTOTYPES = YES;
				CLANG_WARN_SUSPICIOUS_MOVE = YES;
				CLANG_WARN_UNGUARDED_AVAILABILITY = YES_AGGRESSIVE;
				CLANG_WARN_UNREACHABLE_CODE = YES;
				CLANG_WARN__DUPLICATE_METHOD_MATCH = YES;
				CODE_SIGN_IDENTITY = "iPhone Developer";
				COPY_PHASE_STRIP = NO;
				DEBUG_INFORMATION_FORMAT = dwarf;
				ENABLE_STRICT_OBJC_MSGSEND = YES;
				ENABLE_TESTABILITY = YES;
				GCC_C_LANGUAGE_STANDARD = gnu11;
				GCC_DYNAMIC_NO_PIC = NO;
				GCC_NO_COMMON_BLOCKS = YES;
				GCC_OPTIMIZATION_LEVEL = 0;
				GCC_PREPROCESSOR_DEFINITIONS = (
					"DEBUG=1",
					"$(inherited)",
				);
				GCC_WARN_64_TO_32_BIT_CONVERSION = YES;
				GCC_WARN_ABOUT_RETURN_TYPE = YES_ERROR;
				GCC_WARN_UNDECLARED_SELECTOR = YES;
				GCC_WARN_UNINITIALIZED_AUTOS = YES_AGGRESSIVE;
				GCC_WARN_UNUSED_FUNCTION = YES;
				GCC_WARN_UNUSED_VARIABLE = YES;
				IPHONEOS_DEPLOYMENT_TARGET = 11.4;
				MTL_ENABLE_DEBUG_INFO = YES;
				ONLY_ACTIVE_ARCH = YES;
				SDKROOT = iphoneos;
			};
			name = Debug;
		};
		6378E081215DD41A0046F7FA /* Release */ = {
			isa = XCBuildConfiguration;
			buildSettings = {
				ALWAYS_SEARCH_USER_PATHS = NO;
				CLANG_ANALYZER_NONNULL = YES;
				CLANG_ANALYZER_NUMBER_OBJECT_CONVERSION = YES_AGGRESSIVE;
				CLANG_CXX_LANGUAGE_STANDARD = "gnu++14";
				CLANG_CXX_LIBRARY = "libc++";
				CLANG_ENABLE_MODULES = YES;
				CLANG_ENABLE_OBJC_ARC = YES;
				CLANG_ENABLE_OBJC_WEAK = YES;
				CLANG_WARN_BLOCK_CAPTURE_AUTORELEASING = YES;
				CLANG_WARN_BOOL_CONVERSION = YES;
				CLANG_WARN_COMMA = YES;
				CLANG_WARN_CONSTANT_CONVERSION = YES;
				CLANG_WARN_DEPRECATED_OBJC_IMPLEMENTATIONS = YES;
				CLANG_WARN_DIRECT_OBJC_ISA_USAGE = YES_ERROR;
				CLANG_WARN_DOCUMENTATION_COMMENTS = YES;
				CLANG_WARN_EMPTY_BODY = YES;
				CLANG_WARN_ENUM_CONVERSION = YES;
				CLANG_WARN_INFINITE_RECURSION = YES;
				CLANG_WARN_INT_CONVERSION = YES;
				CLANG_WARN_NON_LITERAL_NULL_CONVERSION = YES;
				CLANG_WARN_OBJC_IMPLICIT_RETAIN_SELF = YES;
				CLANG_WARN_OBJC_LITERAL_CONVERSION = YES;
				CLANG_WARN_OBJC_ROOT_CLASS = YES_ERROR;
				CLANG_WARN_RANGE_LOOP_ANALYSIS = YES;
				CLANG_WARN_STRICT_PROTOTYPES = YES;
				CLANG_WARN_SUSPICIOUS_MOVE = YES;
				CLANG_WARN_UNGUARDED_AVAILABILITY = YES_AGGRESSIVE;
				CLANG_WARN_UNREACHABLE_CODE = YES;
				CLANG_WARN__DUPLICATE_METHOD_MATCH = YES;
				CODE_SIGN_IDENTITY = "iPhone Developer";
				COPY_PHASE_STRIP = NO;
				DEBUG_INFORMATION_FORMAT = "dwarf-with-dsym";
				ENABLE_NS_ASSERTIONS = NO;
				ENABLE_STRICT_OBJC_MSGSEND = YES;
				GCC_C_LANGUAGE_STANDARD = gnu11;
				GCC_NO_COMMON_BLOCKS = YES;
				GCC_WARN_64_TO_32_BIT_CONVERSION = YES;
				GCC_WARN_ABOUT_RETURN_TYPE = YES_ERROR;
				GCC_WARN_UNDECLARED_SELECTOR = YES;
				GCC_WARN_UNINITIALIZED_AUTOS = YES_AGGRESSIVE;
				GCC_WARN_UNUSED_FUNCTION = YES;
				GCC_WARN_UNUSED_VARIABLE = YES;
				IPHONEOS_DEPLOYMENT_TARGET = 11.4;
				MTL_ENABLE_DEBUG_INFO = NO;
				SDKROOT = iphoneos;
				VALIDATE_PRODUCT = YES;
			};
			name = Release;
		};
		6378E083215DD41A0046F7FA /* Debug */ = {
			isa = XCBuildConfiguration;
			baseConfigurationReference = 49CEBA68EF42638B6202BC31 /* Pods-DGTool.debug.xcconfig */;
			buildSettings = {
				ASSETCATALOG_COMPILER_APPICON_NAME = AppIcon;
				CODE_SIGN_STYLE = Automatic;
				DEVELOPMENT_TEAM = ZHJX48G4CA;
				GCC_PRECOMPILE_PREFIX_HEADER = YES;
				GCC_PREFIX_HEADER = /Users/david/Desktop/DGTool/DGTool/PrefixHeader.pch;
				INFOPLIST_FILE = DGTool/Info.plist;
				IPHONEOS_DEPLOYMENT_TARGET = 9.0;
				LD_RUNPATH_SEARCH_PATHS = (
					"$(inherited)",
					"@executable_path/Frameworks",
				);
				PRODUCT_BUNDLE_IDENTIFIER = ios.DGTool;
				PRODUCT_NAME = "$(TARGET_NAME)";
				TARGETED_DEVICE_FAMILY = "1,2";
			};
			name = Debug;
		};
		6378E084215DD41A0046F7FA /* Release */ = {
			isa = XCBuildConfiguration;
			baseConfigurationReference = EC152205C9F597401486EE93 /* Pods-DGTool.release.xcconfig */;
			buildSettings = {
				ASSETCATALOG_COMPILER_APPICON_NAME = AppIcon;
				CODE_SIGN_STYLE = Automatic;
				DEVELOPMENT_TEAM = ZHJX48G4CA;
				GCC_PRECOMPILE_PREFIX_HEADER = YES;
				GCC_PREFIX_HEADER = /Users/david/Desktop/DGTool/DGTool/PrefixHeader.pch;
				INFOPLIST_FILE = DGTool/Info.plist;
				IPHONEOS_DEPLOYMENT_TARGET = 9.0;
				LD_RUNPATH_SEARCH_PATHS = (
					"$(inherited)",
					"@executable_path/Frameworks",
				);
				PRODUCT_BUNDLE_IDENTIFIER = ios.DGTool;
				PRODUCT_NAME = "$(TARGET_NAME)";
				TARGETED_DEVICE_FAMILY = "1,2";
			};
			name = Release;
		};
/* End XCBuildConfiguration section */

/* Begin XCConfigurationList section */
		6378E067215DD4180046F7FA /* Build configuration list for PBXProject "DGTool" */ = {
			isa = XCConfigurationList;
			buildConfigurations = (
				6378E080215DD41A0046F7FA /* Debug */,
				6378E081215DD41A0046F7FA /* Release */,
			);
			defaultConfigurationIsVisible = 0;
			defaultConfigurationName = Release;
		};
		6378E082215DD41A0046F7FA /* Build configuration list for PBXNativeTarget "DGTool" */ = {
			isa = XCConfigurationList;
			buildConfigurations = (
				6378E083215DD41A0046F7FA /* Debug */,
				6378E084215DD41A0046F7FA /* Release */,
			);
			defaultConfigurationIsVisible = 0;
			defaultConfigurationName = Release;
		};
/* End XCConfigurationList section */
	};
	rootObject = 6378E064215DD4180046F7FA /* Project object */;
}
