// !$*UTF8*$!
{
	archiveVersion = 1;
	classes = {
	};
	objectVersion = 50;
	objects = {

/* Begin PBXBuildFile section */
		055C42DFFF436597D85FD84B /* Pods_DGTool.framework in Frameworks */ = {isa = PBXBuildFile; fileRef = 306A997E4F3FE98DECC9E2F3 /* Pods_DGTool.framework */; };
		6311752621D71811006C5EFE /* DGValidityTool.m in Sources */ = {isa = PBXBuildFile; fileRef = 6311752521D71811006C5EFE /* DGValidityTool.m */; };
		6326652D232F366500020ECF /* ViewController.m in Sources */ = {isa = PBXBuildFile; fileRef = 6326652A232F366500020ECF /* ViewController.m */; };
		6326652E232F366500020ECF /* AppDelegate.m in Sources */ = {isa = PBXBuildFile; fileRef = 6326652B232F366500020ECF /* AppDelegate.m */; };
		63266539232F36A800020ECF /* Assets.xcassets in Resources */ = {isa = PBXBuildFile; fileRef = 63266530232F36A800020ECF /* Assets.xcassets */; };
		6326653A232F36A800020ECF /* LaunchScreen.storyboard in Resources */ = {isa = PBXBuildFile; fileRef = 63266531232F36A800020ECF /* LaunchScreen.storyboard */; };
		6326653B232F36A800020ECF /* Main.storyboard in Resources */ = {isa = PBXBuildFile; fileRef = 63266533232F36A800020ECF /* Main.storyboard */; };
		6326653C232F36A800020ECF /* main.m in Sources */ = {isa = PBXBuildFile; fileRef = 63266535232F36A800020ECF /* main.m */; };
		6326653D232F36A800020ECF /* Info.plist in Resources */ = {isa = PBXBuildFile; fileRef = 63266538232F36A800020ECF /* Info.plist */; };
		63266558232F3A9D00020ECF /* UINavigationController+DGHook.m in Sources */ = {isa = PBXBuildFile; fileRef = 63266540232F3A9C00020ECF /* UINavigationController+DGHook.m */; };
		63266559232F3A9D00020ECF /* UIViewController+DGAlert.m in Sources */ = {isa = PBXBuildFile; fileRef = 63266541232F3A9C00020ECF /* UIViewController+DGAlert.m */; };
		6326655A232F3A9D00020ECF /* UIImage+DGEffect.m in Sources */ = {isa = PBXBuildFile; fileRef = 63266542232F3A9C00020ECF /* UIImage+DGEffect.m */; };
		6326655B232F3A9D00020ECF /* UIView+DGRectCorner.m in Sources */ = {isa = PBXBuildFile; fileRef = 63266543232F3A9C00020ECF /* UIView+DGRectCorner.m */; };
		6326655C232F3A9D00020ECF /* UIButton+DGDefine.m in Sources */ = {isa = PBXBuildFile; fileRef = 63266547232F3A9C00020ECF /* UIButton+DGDefine.m */; };
		6326655D232F3A9D00020ECF /* UIView+DGFrame.m in Sources */ = {isa = PBXBuildFile; fileRef = 63266549232F3A9C00020ECF /* UIView+DGFrame.m */; };
		6326655E232F3A9D00020ECF /* NSString+DGTool.m in Sources */ = {isa = PBXBuildFile; fileRef = 6326654C232F3A9C00020ECF /* NSString+DGTool.m */; };
		6326655F232F3A9D00020ECF /* NSDate+DGTool.m in Sources */ = {isa = PBXBuildFile; fileRef = 6326654D232F3A9C00020ECF /* NSDate+DGTool.m */; };
		63266560232F3A9D00020ECF /* NSDictionary+DGSafe.m in Sources */ = {isa = PBXBuildFile; fileRef = 6326654E232F3A9C00020ECF /* NSDictionary+DGSafe.m */; };
		63266561232F3A9D00020ECF /* NSObject+DGRuntime.m in Sources */ = {isa = PBXBuildFile; fileRef = 6326654F232F3A9C00020ECF /* NSObject+DGRuntime.m */; };
		63266562232F3A9D00020ECF /* NSArray+DGSort.m in Sources */ = {isa = PBXBuildFile; fileRef = 63266550232F3A9C00020ECF /* NSArray+DGSort.m */; };
		63266563232F3A9D00020ECF /* NSMutableDictionary+DGSafe.m in Sources */ = {isa = PBXBuildFile; fileRef = 63266551232F3A9C00020ECF /* NSMutableDictionary+DGSafe.m */; };
		633F9822216C80C900D86B96 /* DGNetWorkConfig.m in Sources */ = {isa = PBXBuildFile; fileRef = 633F9821216C80C900D86B96 /* DGNetWorkConfig.m */; };
		633F9825216C825C00D86B96 /* DGHttpSessionTask.m in Sources */ = {isa = PBXBuildFile; fileRef = 633F9824216C825C00D86B96 /* DGHttpSessionTask.m */; };
		633F9828216C82B700D86B96 /* DGHttpResponseModel.m in Sources */ = {isa = PBXBuildFile; fileRef = 633F9827216C82B700D86B96 /* DGHttpResponseModel.m */; };
		633F982D216C89AE00D86B96 /* DGAppTool.m in Sources */ = {isa = PBXBuildFile; fileRef = 633F982C216C89AE00D86B96 /* DGAppTool.m */; };
		633F9830216C954600D86B96 /* DGShare.m in Sources */ = {isa = PBXBuildFile; fileRef = 633F982F216C954600D86B96 /* DGShare.m */; };
		63430ECA21D3375A0034D6B9 /* DGBaseNavigationController.m in Sources */ = {isa = PBXBuildFile; fileRef = 63430EC921D3375A0034D6B9 /* DGBaseNavigationController.m */; };
		63430ECD21D3378E0034D6B9 /* DGBaseViewController.m in Sources */ = {isa = PBXBuildFile; fileRef = 63430ECC21D3378E0034D6B9 /* DGBaseViewController.m */; };
		63430ED021D337BF0034D6B9 /* DGNavigationBar.m in Sources */ = {isa = PBXBuildFile; fileRef = 63430ECF21D337BF0034D6B9 /* DGNavigationBar.m */; };
		63430F0821D33A8E0034D6B9 /* UINavigationController+FDFullscreenPopGesture.m in Sources */ = {isa = PBXBuildFile; fileRef = 63430EF621D33A8E0034D6B9 /* UINavigationController+FDFullscreenPopGesture.m */; };
		63430F1321D35DC20034D6B9 /* DGRunLoopTaskDistribution.m in Sources */ = {isa = PBXBuildFile; fileRef = 63430F0F21D35DC20034D6B9 /* DGRunLoopTaskDistribution.m */; };
		63430F1421D35DC20034D6B9 /* DGParseTool.m in Sources */ = {isa = PBXBuildFile; fileRef = 63430F1221D35DC20034D6B9 /* DGParseTool.m */; };
		63430F1D21D35FD20034D6B9 /* DGImageTool.m in Sources */ = {isa = PBXBuildFile; fileRef = 63430F1C21D35FD20034D6B9 /* DGImageTool.m */; };
		63430F2021D35FE70034D6B9 /* DGItemView.m in Sources */ = {isa = PBXBuildFile; fileRef = 63430F1F21D35FE70034D6B9 /* DGItemView.m */; };
		63430F2521D35FF40034D6B9 /* DGAlertController.m in Sources */ = {isa = PBXBuildFile; fileRef = 63430F2321D35FF40034D6B9 /* DGAlertController.m */; };
		63430F2621D35FF40034D6B9 /* DGAlertAction.m in Sources */ = {isa = PBXBuildFile; fileRef = 63430F2421D35FF40034D6B9 /* DGAlertAction.m */; };
		63430F2921D35FFF0034D6B9 /* DGFullScreenPopView.m in Sources */ = {isa = PBXBuildFile; fileRef = 63430F2721D35FFF0034D6B9 /* DGFullScreenPopView.m */; };
		63430F3521D3614A0034D6B9 /* DGTextField.m in Sources */ = {isa = PBXBuildFile; fileRef = 63430F3121D3614A0034D6B9 /* DGTextField.m */; };
		63430F3621D3614A0034D6B9 /* DGTextView.m in Sources */ = {isa = PBXBuildFile; fileRef = 63430F3221D3614A0034D6B9 /* DGTextView.m */; };
		63430F3721D3614A0034D6B9 /* DGButton.m in Sources */ = {isa = PBXBuildFile; fileRef = 63430F3321D3614A0034D6B9 /* DGButton.m */; };
		63430F3821D3614A0034D6B9 /* DGLabel.m in Sources */ = {isa = PBXBuildFile; fileRef = 63430F3421D3614A0034D6B9 /* DGLabel.m */; };
		63430F3B21D362300034D6B9 /* UIImage+RTTint.m in Sources */ = {isa = PBXBuildFile; fileRef = 63430F3921D3622F0034D6B9 /* UIImage+RTTint.m */; };
		63430F5721D363E50034D6B9 /* MASCompositeConstraint.m in Sources */ = {isa = PBXBuildFile; fileRef = 63430F3F21D363E50034D6B9 /* MASCompositeConstraint.m */; };
		63430F5821D363E50034D6B9 /* MASConstraint.m in Sources */ = {isa = PBXBuildFile; fileRef = 63430F4221D363E50034D6B9 /* MASConstraint.m */; };
		63430F5921D363E50034D6B9 /* MASConstraintMaker.m in Sources */ = {isa = PBXBuildFile; fileRef = 63430F4421D363E50034D6B9 /* MASConstraintMaker.m */; };
		63430F5A21D363E50034D6B9 /* MASLayoutConstraint.m in Sources */ = {isa = PBXBuildFile; fileRef = 63430F4621D363E50034D6B9 /* MASLayoutConstraint.m */; };
		63430F5B21D363E50034D6B9 /* MASViewAttribute.m in Sources */ = {isa = PBXBuildFile; fileRef = 63430F4A21D363E50034D6B9 /* MASViewAttribute.m */; };
		63430F5C21D363E50034D6B9 /* MASViewConstraint.m in Sources */ = {isa = PBXBuildFile; fileRef = 63430F4C21D363E50034D6B9 /* MASViewConstraint.m */; };
		63430F5D21D363E50034D6B9 /* NSArray+MASAdditions.m in Sources */ = {isa = PBXBuildFile; fileRef = 63430F4E21D363E50034D6B9 /* NSArray+MASAdditions.m */; };
		63430F5E21D363E50034D6B9 /* NSLayoutConstraint+MASDebugAdditions.m in Sources */ = {isa = PBXBuildFile; fileRef = 63430F5121D363E50034D6B9 /* NSLayoutConstraint+MASDebugAdditions.m */; };
		63430F5F21D363E50034D6B9 /* View+MASAdditions.m in Sources */ = {isa = PBXBuildFile; fileRef = 63430F5321D363E50034D6B9 /* View+MASAdditions.m */; };
		63430F6021D363E50034D6B9 /* ViewController+MASAdditions.m in Sources */ = {isa = PBXBuildFile; fileRef = 63430F5621D363E50034D6B9 /* ViewController+MASAdditions.m */; };
		635E6BDD217F1CB6003AAFF8 /* DGHttpRequestRecord.m in Sources */ = {isa = PBXBuildFile; fileRef = 635E6BDC217F1CB6003AAFF8 /* DGHttpRequestRecord.m */; };
		635E6BE0217F2B75003AAFF8 /* DGHttpResponseLogicModel.m in Sources */ = {isa = PBXBuildFile; fileRef = 635E6BDF217F2B75003AAFF8 /* DGHttpResponseLogicModel.m */; };
		6367643E217054CE00117BE7 /* DGScannerTool.m in Sources */ = {isa = PBXBuildFile; fileRef = 6367643D217054CE00117BE7 /* DGScannerTool.m */; };
		63F14A2B23348A6400BA11EA /* DGMenuLabel.m in Sources */ = {isa = PBXBuildFile; fileRef = 63F14A2923348A6400BA11EA /* DGMenuLabel.m */; };
		63FCD0C7216D9B9500516026 /* DGHookTrack.m in Sources */ = {isa = PBXBuildFile; fileRef = 63FCD0C6216D9B9500516026 /* DGHookTrack.m */; };
/* End PBXBuildFile section */

/* Begin PBXFileReference section */
		306A997E4F3FE98DECC9E2F3 /* Pods_DGTool.framework */ = {isa = PBXFileReference; explicitFileType = wrapper.framework; includeInIndex = 0; path = Pods_DGTool.framework; sourceTree = BUILT_PRODUCTS_DIR; };
		49CEBA68EF42638B6202BC31 /* Pods-DGTool.debug.xcconfig */ = {isa = PBXFileReference; includeInIndex = 1; lastKnownFileType = text.xcconfig; name = "Pods-DGTool.debug.xcconfig"; path = "Pods/Target Support Files/Pods-DGTool/Pods-DGTool.debug.xcconfig"; sourceTree = "<group>"; };
		6311752421D71811006C5EFE /* DGValidityTool.h */ = {isa = PBXFileReference; lastKnownFileType = sourcecode.c.h; path = DGValidityTool.h; sourceTree = "<group>"; };
		6311752521D71811006C5EFE /* DGValidityTool.m */ = {isa = PBXFileReference; lastKnownFileType = sourcecode.c.objc; path = DGValidityTool.m; sourceTree = "<group>"; };
		63266529232F366500020ECF /* AppDelegate.h */ = {isa = PBXFileReference; fileEncoding = 4; lastKnownFileType = sourcecode.c.h; path = AppDelegate.h; sourceTree = "<group>"; };
		6326652A232F366500020ECF /* ViewController.m */ = {isa = PBXFileReference; fileEncoding = 4; lastKnownFileType = sourcecode.c.objc; path = ViewController.m; sourceTree = "<group>"; };
		6326652B232F366500020ECF /* AppDelegate.m */ = {isa = PBXFileReference; fileEncoding = 4; lastKnownFileType = sourcecode.c.objc; path = AppDelegate.m; sourceTree = "<group>"; };
		6326652C232F366500020ECF /* ViewController.h */ = {isa = PBXFileReference; fileEncoding = 4; lastKnownFileType = sourcecode.c.h; path = ViewController.h; sourceTree = "<group>"; };
		63266530232F36A800020ECF /* Assets.xcassets */ = {isa = PBXFileReference; lastKnownFileType = folder.assetcatalog; path = Assets.xcassets; sourceTree = "<group>"; };
		63266532232F36A800020ECF /* Base */ = {isa = PBXFileReference; lastKnownFileType = file.storyboard; name = Base; path = Base.lproj/LaunchScreen.storyboard; sourceTree = "<group>"; };
		63266534232F36A800020ECF /* Base */ = {isa = PBXFileReference; lastKnownFileType = file.storyboard; name = Base; path = Base.lproj/Main.storyboard; sourceTree = "<group>"; };
		63266535232F36A800020ECF /* main.m */ = {isa = PBXFileReference; fileEncoding = 4; lastKnownFileType = sourcecode.c.objc; path = main.m; sourceTree = "<group>"; };
		63266536232F36A800020ECF /* PrefixHeader.pch */ = {isa = PBXFileReference; fileEncoding = 4; lastKnownFileType = sourcecode.c.h; path = PrefixHeader.pch; sourceTree = "<group>"; };
		63266537232F36A800020ECF /* DGMacro.h */ = {isa = PBXFileReference; fileEncoding = 4; lastKnownFileType = sourcecode.c.h; path = DGMacro.h; sourceTree = "<group>"; };
		63266538232F36A800020ECF /* Info.plist */ = {isa = PBXFileReference; fileEncoding = 4; lastKnownFileType = text.plist.xml; path = Info.plist; sourceTree = "<group>"; };
		6326653F232F3A9C00020ECF /* UIButton+DGDefine.h */ = {isa = PBXFileReference; fileEncoding = 4; lastKnownFileType = sourcecode.c.h; path = "UIButton+DGDefine.h"; sourceTree = "<group>"; };
		63266540232F3A9C00020ECF /* UINavigationController+DGHook.m */ = {isa = PBXFileReference; fileEncoding = 4; lastKnownFileType = sourcecode.c.objc; path = "UINavigationController+DGHook.m"; sourceTree = "<group>"; };
		63266541232F3A9C00020ECF /* UIViewController+DGAlert.m */ = {isa = PBXFileReference; fileEncoding = 4; lastKnownFileType = sourcecode.c.objc; path = "UIViewController+DGAlert.m"; sourceTree = "<group>"; };
		63266542232F3A9C00020ECF /* UIImage+DGEffect.m */ = {isa = PBXFileReference; fileEncoding = 4; lastKnownFileType = sourcecode.c.objc; path = "UIImage+DGEffect.m"; sourceTree = "<group>"; };
		63266543232F3A9C00020ECF /* UIView+DGRectCorner.m */ = {isa = PBXFileReference; fileEncoding = 4; lastKnownFileType = sourcecode.c.objc; path = "UIView+DGRectCorner.m"; sourceTree = "<group>"; };
		63266544232F3A9C00020ECF /* UIView+DGFrame.h */ = {isa = PBXFileReference; fileEncoding = 4; lastKnownFileType = sourcecode.c.h; path = "UIView+DGFrame.h"; sourceTree = "<group>"; };
		63266545232F3A9C00020ECF /* UIImage+DGEffect.h */ = {isa = PBXFileReference; fileEncoding = 4; lastKnownFileType = sourcecode.c.h; path = "UIImage+DGEffect.h"; sourceTree = "<group>"; };
		63266546232F3A9C00020ECF /* UIViewController+DGAlert.h */ = {isa = PBXFileReference; fileEncoding = 4; lastKnownFileType = sourcecode.c.h; path = "UIViewController+DGAlert.h"; sourceTree = "<group>"; };
		63266547232F3A9C00020ECF /* UIButton+DGDefine.m */ = {isa = PBXFileReference; fileEncoding = 4; lastKnownFileType = sourcecode.c.objc; path = "UIButton+DGDefine.m"; sourceTree = "<group>"; };
		63266548232F3A9C00020ECF /* UINavigationController+DGHook.h */ = {isa = PBXFileReference; fileEncoding = 4; lastKnownFileType = sourcecode.c.h; path = "UINavigationController+DGHook.h"; sourceTree = "<group>"; };
		63266549232F3A9C00020ECF /* UIView+DGFrame.m */ = {isa = PBXFileReference; fileEncoding = 4; lastKnownFileType = sourcecode.c.objc; path = "UIView+DGFrame.m"; sourceTree = "<group>"; };
		6326654A232F3A9C00020ECF /* UIView+DGRectCorner.h */ = {isa = PBXFileReference; fileEncoding = 4; lastKnownFileType = sourcecode.c.h; path = "UIView+DGRectCorner.h"; sourceTree = "<group>"; };
		6326654C232F3A9C00020ECF /* NSString+DGTool.m */ = {isa = PBXFileReference; fileEncoding = 4; lastKnownFileType = sourcecode.c.objc; path = "NSString+DGTool.m"; sourceTree = "<group>"; };
		6326654D232F3A9C00020ECF /* NSDate+DGTool.m */ = {isa = PBXFileReference; fileEncoding = 4; lastKnownFileType = sourcecode.c.objc; path = "NSDate+DGTool.m"; sourceTree = "<group>"; };
		6326654E232F3A9C00020ECF /* NSDictionary+DGSafe.m */ = {isa = PBXFileReference; fileEncoding = 4; lastKnownFileType = sourcecode.c.objc; path = "NSDictionary+DGSafe.m"; sourceTree = "<group>"; };
		6326654F232F3A9C00020ECF /* NSObject+DGRuntime.m */ = {isa = PBXFileReference; fileEncoding = 4; lastKnownFileType = sourcecode.c.objc; path = "NSObject+DGRuntime.m"; sourceTree = "<group>"; };
		63266550232F3A9C00020ECF /* NSArray+DGSort.m */ = {isa = PBXFileReference; fileEncoding = 4; lastKnownFileType = sourcecode.c.objc; path = "NSArray+DGSort.m"; sourceTree = "<group>"; };
		63266551232F3A9C00020ECF /* NSMutableDictionary+DGSafe.m */ = {isa = PBXFileReference; fileEncoding = 4; lastKnownFileType = sourcecode.c.objc; path = "NSMutableDictionary+DGSafe.m"; sourceTree = "<group>"; };
		63266552232F3A9C00020ECF /* NSDictionary+DGSafe.h */ = {isa = PBXFileReference; fileEncoding = 4; lastKnownFileType = sourcecode.c.h; path = "NSDictionary+DGSafe.h"; sourceTree = "<group>"; };
		63266553232F3A9C00020ECF /* NSDate+DGTool.h */ = {isa = PBXFileReference; fileEncoding = 4; lastKnownFileType = sourcecode.c.h; path = "NSDate+DGTool.h"; sourceTree = "<group>"; };
		63266554232F3A9C00020ECF /* NSString+DGTool.h */ = {isa = PBXFileReference; fileEncoding = 4; lastKnownFileType = sourcecode.c.h; path = "NSString+DGTool.h"; sourceTree = "<group>"; };
		63266555232F3A9C00020ECF /* NSMutableDictionary+DGSafe.h */ = {isa = PBXFileReference; fileEncoding = 4; lastKnownFileType = sourcecode.c.h; path = "NSMutableDictionary+DGSafe.h"; sourceTree = "<group>"; };
		63266556232F3A9C00020ECF /* NSArray+DGSort.h */ = {isa = PBXFileReference; fileEncoding = 4; lastKnownFileType = sourcecode.c.h; path = "NSArray+DGSort.h"; sourceTree = "<group>"; };
		63266557232F3A9C00020ECF /* NSObject+DGRuntime.h */ = {isa = PBXFileReference; fileEncoding = 4; lastKnownFileType = sourcecode.c.h; path = "NSObject+DGRuntime.h"; sourceTree = "<group>"; };
		633F9820216C80C900D86B96 /* DGNetWorkConfig.h */ = {isa = PBXFileReference; lastKnownFileType = sourcecode.c.h; path = DGNetWorkConfig.h; sourceTree = "<group>"; };
		633F9821216C80C900D86B96 /* DGNetWorkConfig.m */ = {isa = PBXFileReference; lastKnownFileType = sourcecode.c.objc; path = DGNetWorkConfig.m; sourceTree = "<group>"; };
		633F9823216C825C00D86B96 /* DGHttpSessionTask.h */ = {isa = PBXFileReference; lastKnownFileType = sourcecode.c.h; path = DGHttpSessionTask.h; sourceTree = "<group>"; };
		633F9824216C825C00D86B96 /* DGHttpSessionTask.m */ = {isa = PBXFileReference; lastKnownFileType = sourcecode.c.objc; path = DGHttpSessionTask.m; sourceTree = "<group>"; };
		633F9826216C82B700D86B96 /* DGHttpResponseModel.h */ = {isa = PBXFileReference; lastKnownFileType = sourcecode.c.h; path = DGHttpResponseModel.h; sourceTree = "<group>"; };
		633F9827216C82B700D86B96 /* DGHttpResponseModel.m */ = {isa = PBXFileReference; lastKnownFileType = sourcecode.c.objc; path = DGHttpResponseModel.m; sourceTree = "<group>"; };
		633F982B216C89AE00D86B96 /* DGAppTool.h */ = {isa = PBXFileReference; lastKnownFileType = sourcecode.c.h; path = DGAppTool.h; sourceTree = "<group>"; };
		633F982C216C89AE00D86B96 /* DGAppTool.m */ = {isa = PBXFileReference; lastKnownFileType = sourcecode.c.objc; path = DGAppTool.m; sourceTree = "<group>"; };
		633F982E216C954600D86B96 /* DGShare.h */ = {isa = PBXFileReference; lastKnownFileType = sourcecode.c.h; path = DGShare.h; sourceTree = "<group>"; };
		633F982F216C954600D86B96 /* DGShare.m */ = {isa = PBXFileReference; lastKnownFileType = sourcecode.c.objc; path = DGShare.m; sourceTree = "<group>"; };
		63430EC821D3375A0034D6B9 /* DGBaseNavigationController.h */ = {isa = PBXFileReference; lastKnownFileType = sourcecode.c.h; path = DGBaseNavigationController.h; sourceTree = "<group>"; };
		63430EC921D3375A0034D6B9 /* DGBaseNavigationController.m */ = {isa = PBXFileReference; lastKnownFileType = sourcecode.c.objc; path = DGBaseNavigationController.m; sourceTree = "<group>"; };
		63430ECB21D3378E0034D6B9 /* DGBaseViewController.h */ = {isa = PBXFileReference; lastKnownFileType = sourcecode.c.h; path = DGBaseViewController.h; sourceTree = "<group>"; };
		63430ECC21D3378E0034D6B9 /* DGBaseViewController.m */ = {isa = PBXFileReference; lastKnownFileType = sourcecode.c.objc; path = DGBaseViewController.m; sourceTree = "<group>"; };
		63430ECE21D337BF0034D6B9 /* DGNavigationBar.h */ = {isa = PBXFileReference; lastKnownFileType = sourcecode.c.h; path = DGNavigationBar.h; sourceTree = "<group>"; };
		63430ECF21D337BF0034D6B9 /* DGNavigationBar.m */ = {isa = PBXFileReference; lastKnownFileType = sourcecode.c.objc; path = DGNavigationBar.m; sourceTree = "<group>"; };
		63430EF521D33A8E0034D6B9 /* UINavigationController+FDFullscreenPopGesture.h */ = {isa = PBXFileReference; fileEncoding = 4; lastKnownFileType = sourcecode.c.h; path = "UINavigationController+FDFullscreenPopGesture.h"; sourceTree = "<group>"; };
		63430EF621D33A8E0034D6B9 /* UINavigationController+FDFullscreenPopGesture.m */ = {isa = PBXFileReference; fileEncoding = 4; lastKnownFileType = sourcecode.c.objc; path = "UINavigationController+FDFullscreenPopGesture.m"; sourceTree = "<group>"; };
		63430F0F21D35DC20034D6B9 /* DGRunLoopTaskDistribution.m */ = {isa = PBXFileReference; fileEncoding = 4; lastKnownFileType = sourcecode.c.objc; path = DGRunLoopTaskDistribution.m; sourceTree = "<group>"; };
		63430F1021D35DC20034D6B9 /* DGParseTool.h */ = {isa = PBXFileReference; fileEncoding = 4; lastKnownFileType = sourcecode.c.h; path = DGParseTool.h; sourceTree = "<group>"; };
		63430F1121D35DC20034D6B9 /* DGRunLoopTaskDistribution.h */ = {isa = PBXFileReference; fileEncoding = 4; lastKnownFileType = sourcecode.c.h; path = DGRunLoopTaskDistribution.h; sourceTree = "<group>"; };
		63430F1221D35DC20034D6B9 /* DGParseTool.m */ = {isa = PBXFileReference; fileEncoding = 4; lastKnownFileType = sourcecode.c.objc; path = DGParseTool.m; sourceTree = "<group>"; };
		63430F1B21D35FD20034D6B9 /* DGImageTool.h */ = {isa = PBXFileReference; fileEncoding = 4; lastKnownFileType = sourcecode.c.h; path = DGImageTool.h; sourceTree = "<group>"; };
		63430F1C21D35FD20034D6B9 /* DGImageTool.m */ = {isa = PBXFileReference; fileEncoding = 4; lastKnownFileType = sourcecode.c.objc; path = DGImageTool.m; sourceTree = "<group>"; };
		63430F1E21D35FE70034D6B9 /* DGItemView.h */ = {isa = PBXFileReference; fileEncoding = 4; lastKnownFileType = sourcecode.c.h; path = DGItemView.h; sourceTree = "<group>"; };
		63430F1F21D35FE70034D6B9 /* DGItemView.m */ = {isa = PBXFileReference; fileEncoding = 4; lastKnownFileType = sourcecode.c.objc; path = DGItemView.m; sourceTree = "<group>"; };
		63430F2121D35FF30034D6B9 /* DGAlertAction.h */ = {isa = PBXFileReference; fileEncoding = 4; lastKnownFileType = sourcecode.c.h; path = DGAlertAction.h; sourceTree = "<group>"; };
		63430F2221D35FF40034D6B9 /* DGAlertController.h */ = {isa = PBXFileReference; fileEncoding = 4; lastKnownFileType = sourcecode.c.h; path = DGAlertController.h; sourceTree = "<group>"; };
		63430F2321D35FF40034D6B9 /* DGAlertController.m */ = {isa = PBXFileReference; fileEncoding = 4; lastKnownFileType = sourcecode.c.objc; path = DGAlertController.m; sourceTree = "<group>"; };
		63430F2421D35FF40034D6B9 /* DGAlertAction.m */ = {isa = PBXFileReference; fileEncoding = 4; lastKnownFileType = sourcecode.c.objc; path = DGAlertAction.m; sourceTree = "<group>"; };
		63430F2721D35FFF0034D6B9 /* DGFullScreenPopView.m */ = {isa = PBXFileReference; fileEncoding = 4; lastKnownFileType = sourcecode.c.objc; path = DGFullScreenPopView.m; sourceTree = "<group>"; };
		63430F2821D35FFF0034D6B9 /* DGFullScreenPopView.h */ = {isa = PBXFileReference; fileEncoding = 4; lastKnownFileType = sourcecode.c.h; path = DGFullScreenPopView.h; sourceTree = "<group>"; };
		63430F2D21D361490034D6B9 /* DGButton.h */ = {isa = PBXFileReference; fileEncoding = 4; lastKnownFileType = sourcecode.c.h; path = DGButton.h; sourceTree = "<group>"; };
		63430F2E21D361490034D6B9 /* DGTextView.h */ = {isa = PBXFileReference; fileEncoding = 4; lastKnownFileType = sourcecode.c.h; path = DGTextView.h; sourceTree = "<group>"; };
		63430F2F21D361490034D6B9 /* DGLabel.h */ = {isa = PBXFileReference; fileEncoding = 4; lastKnownFileType = sourcecode.c.h; path = DGLabel.h; sourceTree = "<group>"; };
		63430F3021D3614A0034D6B9 /* DGTextField.h */ = {isa = PBXFileReference; fileEncoding = 4; lastKnownFileType = sourcecode.c.h; path = DGTextField.h; sourceTree = "<group>"; };
		63430F3121D3614A0034D6B9 /* DGTextField.m */ = {isa = PBXFileReference; fileEncoding = 4; lastKnownFileType = sourcecode.c.objc; path = DGTextField.m; sourceTree = "<group>"; };
		63430F3221D3614A0034D6B9 /* DGTextView.m */ = {isa = PBXFileReference; fileEncoding = 4; lastKnownFileType = sourcecode.c.objc; path = DGTextView.m; sourceTree = "<group>"; };
		63430F3321D3614A0034D6B9 /* DGButton.m */ = {isa = PBXFileReference; fileEncoding = 4; lastKnownFileType = sourcecode.c.objc; path = DGButton.m; sourceTree = "<group>"; };
		63430F3421D3614A0034D6B9 /* DGLabel.m */ = {isa = PBXFileReference; fileEncoding = 4; lastKnownFileType = sourcecode.c.objc; path = DGLabel.m; sourceTree = "<group>"; };
		63430F3921D3622F0034D6B9 /* UIImage+RTTint.m */ = {isa = PBXFileReference; fileEncoding = 4; lastKnownFileType = sourcecode.c.objc; path = "UIImage+RTTint.m"; sourceTree = "<group>"; };
		63430F3A21D3622F0034D6B9 /* UIImage+RTTint.h */ = {isa = PBXFileReference; fileEncoding = 4; lastKnownFileType = sourcecode.c.h; path = "UIImage+RTTint.h"; sourceTree = "<group>"; };
		63430F3E21D363E50034D6B9 /* MASCompositeConstraint.h */ = {isa = PBXFileReference; fileEncoding = 4; lastKnownFileType = sourcecode.c.h; path = MASCompositeConstraint.h; sourceTree = "<group>"; };
		63430F3F21D363E50034D6B9 /* MASCompositeConstraint.m */ = {isa = PBXFileReference; fileEncoding = 4; lastKnownFileType = sourcecode.c.objc; path = MASCompositeConstraint.m; sourceTree = "<group>"; };
		63430F4021D363E50034D6B9 /* MASConstraint+Private.h */ = {isa = PBXFileReference; fileEncoding = 4; lastKnownFileType = sourcecode.c.h; path = "MASConstraint+Private.h"; sourceTree = "<group>"; };
		63430F4121D363E50034D6B9 /* MASConstraint.h */ = {isa = PBXFileReference; fileEncoding = 4; lastKnownFileType = sourcecode.c.h; path = MASConstraint.h; sourceTree = "<group>"; };
		63430F4221D363E50034D6B9 /* MASConstraint.m */ = {isa = PBXFileReference; fileEncoding = 4; lastKnownFileType = sourcecode.c.objc; path = MASConstraint.m; sourceTree = "<group>"; };
		63430F4321D363E50034D6B9 /* MASConstraintMaker.h */ = {isa = PBXFileReference; fileEncoding = 4; lastKnownFileType = sourcecode.c.h; path = MASConstraintMaker.h; sourceTree = "<group>"; };
		63430F4421D363E50034D6B9 /* MASConstraintMaker.m */ = {isa = PBXFileReference; fileEncoding = 4; lastKnownFileType = sourcecode.c.objc; path = MASConstraintMaker.m; sourceTree = "<group>"; };
		63430F4521D363E50034D6B9 /* MASLayoutConstraint.h */ = {isa = PBXFileReference; fileEncoding = 4; lastKnownFileType = sourcecode.c.h; path = MASLayoutConstraint.h; sourceTree = "<group>"; };
		63430F4621D363E50034D6B9 /* MASLayoutConstraint.m */ = {isa = PBXFileReference; fileEncoding = 4; lastKnownFileType = sourcecode.c.objc; path = MASLayoutConstraint.m; sourceTree = "<group>"; };
		63430F4721D363E50034D6B9 /* Masonry.h */ = {isa = PBXFileReference; fileEncoding = 4; lastKnownFileType = sourcecode.c.h; path = Masonry.h; sourceTree = "<group>"; };
		63430F4821D363E50034D6B9 /* MASUtilities.h */ = {isa = PBXFileReference; fileEncoding = 4; lastKnownFileType = sourcecode.c.h; path = MASUtilities.h; sourceTree = "<group>"; };
		63430F4921D363E50034D6B9 /* MASViewAttribute.h */ = {isa = PBXFileReference; fileEncoding = 4; lastKnownFileType = sourcecode.c.h; path = MASViewAttribute.h; sourceTree = "<group>"; };
		63430F4A21D363E50034D6B9 /* MASViewAttribute.m */ = {isa = PBXFileReference; fileEncoding = 4; lastKnownFileType = sourcecode.c.objc; path = MASViewAttribute.m; sourceTree = "<group>"; };
		63430F4B21D363E50034D6B9 /* MASViewConstraint.h */ = {isa = PBXFileReference; fileEncoding = 4; lastKnownFileType = sourcecode.c.h; path = MASViewConstraint.h; sourceTree = "<group>"; };
		63430F4C21D363E50034D6B9 /* MASViewConstraint.m */ = {isa = PBXFileReference; fileEncoding = 4; lastKnownFileType = sourcecode.c.objc; path = MASViewConstraint.m; sourceTree = "<group>"; };
		63430F4D21D363E50034D6B9 /* NSArray+MASAdditions.h */ = {isa = PBXFileReference; fileEncoding = 4; lastKnownFileType = sourcecode.c.h; path = "NSArray+MASAdditions.h"; sourceTree = "<group>"; };
		63430F4E21D363E50034D6B9 /* NSArray+MASAdditions.m */ = {isa = PBXFileReference; fileEncoding = 4; lastKnownFileType = sourcecode.c.objc; path = "NSArray+MASAdditions.m"; sourceTree = "<group>"; };
		63430F4F21D363E50034D6B9 /* NSArray+MASShorthandAdditions.h */ = {isa = PBXFileReference; fileEncoding = 4; lastKnownFileType = sourcecode.c.h; path = "NSArray+MASShorthandAdditions.h"; sourceTree = "<group>"; };
		63430F5021D363E50034D6B9 /* NSLayoutConstraint+MASDebugAdditions.h */ = {isa = PBXFileReference; fileEncoding = 4; lastKnownFileType = sourcecode.c.h; path = "NSLayoutConstraint+MASDebugAdditions.h"; sourceTree = "<group>"; };
		63430F5121D363E50034D6B9 /* NSLayoutConstraint+MASDebugAdditions.m */ = {isa = PBXFileReference; fileEncoding = 4; lastKnownFileType = sourcecode.c.objc; path = "NSLayoutConstraint+MASDebugAdditions.m"; sourceTree = "<group>"; };
		63430F5221D363E50034D6B9 /* View+MASAdditions.h */ = {isa = PBXFileReference; fileEncoding = 4; lastKnownFileType = sourcecode.c.h; path = "View+MASAdditions.h"; sourceTree = "<group>"; };
		63430F5321D363E50034D6B9 /* View+MASAdditions.m */ = {isa = PBXFileReference; fileEncoding = 4; lastKnownFileType = sourcecode.c.objc; path = "View+MASAdditions.m"; sourceTree = "<group>"; };
		63430F5421D363E50034D6B9 /* View+MASShorthandAdditions.h */ = {isa = PBXFileReference; fileEncoding = 4; lastKnownFileType = sourcecode.c.h; path = "View+MASShorthandAdditions.h"; sourceTree = "<group>"; };
		63430F5521D363E50034D6B9 /* ViewController+MASAdditions.h */ = {isa = PBXFileReference; fileEncoding = 4; lastKnownFileType = sourcecode.c.h; path = "ViewController+MASAdditions.h"; sourceTree = "<group>"; };
		63430F5621D363E50034D6B9 /* ViewController+MASAdditions.m */ = {isa = PBXFileReference; fileEncoding = 4; lastKnownFileType = sourcecode.c.objc; path = "ViewController+MASAdditions.m"; sourceTree = "<group>"; };
		635E6BDB217F1CB6003AAFF8 /* DGHttpRequestRecord.h */ = {isa = PBXFileReference; lastKnownFileType = sourcecode.c.h; path = DGHttpRequestRecord.h; sourceTree = "<group>"; };
		635E6BDC217F1CB6003AAFF8 /* DGHttpRequestRecord.m */ = {isa = PBXFileReference; lastKnownFileType = sourcecode.c.objc; path = DGHttpRequestRecord.m; sourceTree = "<group>"; };
		635E6BDE217F2B75003AAFF8 /* DGHttpResponseLogicModel.h */ = {isa = PBXFileReference; lastKnownFileType = sourcecode.c.h; path = DGHttpResponseLogicModel.h; sourceTree = "<group>"; };
		635E6BDF217F2B75003AAFF8 /* DGHttpResponseLogicModel.m */ = {isa = PBXFileReference; lastKnownFileType = sourcecode.c.objc; path = DGHttpResponseLogicModel.m; sourceTree = "<group>"; };
		6367643C217054CE00117BE7 /* DGScannerTool.h */ = {isa = PBXFileReference; lastKnownFileType = sourcecode.c.h; path = DGScannerTool.h; sourceTree = "<group>"; };
		6367643D217054CE00117BE7 /* DGScannerTool.m */ = {isa = PBXFileReference; lastKnownFileType = sourcecode.c.objc; path = DGScannerTool.m; sourceTree = "<group>"; };
		6378E06C215DD4180046F7FA /* DGTool.app */ = {isa = PBXFileReference; explicitFileType = wrapper.application; includeInIndex = 0; path = DGTool.app; sourceTree = BUILT_PRODUCTS_DIR; };
		63F14A2923348A6400BA11EA /* DGMenuLabel.m */ = {isa = PBXFileReference; fileEncoding = 4; lastKnownFileType = sourcecode.c.objc; path = DGMenuLabel.m; sourceTree = "<group>"; };
		63F14A2A23348A6400BA11EA /* DGMenuLabel.h */ = {isa = PBXFileReference; fileEncoding = 4; lastKnownFileType = sourcecode.c.h; path = DGMenuLabel.h; sourceTree = "<group>"; };
		63FCD0C5216D9B9500516026 /* DGHookTrack.h */ = {isa = PBXFileReference; lastKnownFileType = sourcecode.c.h; path = DGHookTrack.h; sourceTree = "<group>"; };
		63FCD0C6216D9B9500516026 /* DGHookTrack.m */ = {isa = PBXFileReference; lastKnownFileType = sourcecode.c.objc; path = DGHookTrack.m; sourceTree = "<group>"; };
		EC152205C9F597401486EE93 /* Pods-DGTool.release.xcconfig */ = {isa = PBXFileReference; includeInIndex = 1; lastKnownFileType = text.xcconfig; name = "Pods-DGTool.release.xcconfig"; path = "Pods/Target Support Files/Pods-DGTool/Pods-DGTool.release.xcconfig"; sourceTree = "<group>"; };
/* End PBXFileReference section */

/* Begin PBXFrameworksBuildPhase section */
		6378E069215DD4180046F7FA /* Frameworks */ = {
			isa = PBXFrameworksBuildPhase;
			buildActionMask = 2147483647;
			files = (
				055C42DFFF436597D85FD84B /* Pods_DGTool.framework in Frameworks */,
			);
			runOnlyForDeploymentPostprocessing = 0;
		};
/* End PBXFrameworksBuildPhase section */

/* Begin PBXGroup section */
		63266528232F366500020ECF /* App */ = {
			isa = PBXGroup;
			children = (
				63266529232F366500020ECF /* AppDelegate.h */,
				6326652B232F366500020ECF /* AppDelegate.m */,
				6326652C232F366500020ECF /* ViewController.h */,
				6326652A232F366500020ECF /* ViewController.m */,
			);
			path = App;
			sourceTree = "<group>";
		};
		6326652F232F36A800020ECF /* Other */ = {
			isa = PBXGroup;
			children = (
				63266530232F36A800020ECF /* Assets.xcassets */,
				63266531232F36A800020ECF /* LaunchScreen.storyboard */,
				63266533232F36A800020ECF /* Main.storyboard */,
				63266535232F36A800020ECF /* main.m */,
				63266536232F36A800020ECF /* PrefixHeader.pch */,
				63266537232F36A800020ECF /* DGMacro.h */,
				63266538232F36A800020ECF /* Info.plist */,
			);
			path = Other;
			sourceTree = "<group>";
		};
		6326653E232F3A9C00020ECF /* UI */ = {
			isa = PBXGroup;
			children = (
				63266546232F3A9C00020ECF /* UIViewController+DGAlert.h */,
				63266541232F3A9C00020ECF /* UIViewController+DGAlert.m */,
				63266548232F3A9C00020ECF /* UINavigationController+DGHook.h */,
				63266540232F3A9C00020ECF /* UINavigationController+DGHook.m */,
				6326653F232F3A9C00020ECF /* UIButton+DGDefine.h */,
				63266547232F3A9C00020ECF /* UIButton+DGDefine.m */,
				63266543232F3A9C00020ECF /* UIView+DGRectCorner.m */,
				6326654A232F3A9C00020ECF /* UIView+DGRectCorner.h */,
				63266545232F3A9C00020ECF /* UIImage+DGEffect.h */,
				63266542232F3A9C00020ECF /* UIImage+DGEffect.m */,
				63266544232F3A9C00020ECF /* UIView+DGFrame.h */,
				63266549232F3A9C00020ECF /* UIView+DGFrame.m */,
			);
			path = UI;
			sourceTree = "<group>";
		};
		6326654B232F3A9C00020ECF /* Foundation */ = {
			isa = PBXGroup;
			children = (
				63266557232F3A9C00020ECF /* NSObject+DGRuntime.h */,
				6326654F232F3A9C00020ECF /* NSObject+DGRuntime.m */,
				63266554232F3A9C00020ECF /* NSString+DGTool.h */,
				6326654C232F3A9C00020ECF /* NSString+DGTool.m */,
				63266556232F3A9C00020ECF /* NSArray+DGSort.h */,
				63266550232F3A9C00020ECF /* NSArray+DGSort.m */,
				63266552232F3A9C00020ECF /* NSDictionary+DGSafe.h */,
				6326654E232F3A9C00020ECF /* NSDictionary+DGSafe.m */,
				63266555232F3A9C00020ECF /* NSMutableDictionary+DGSafe.h */,
				63266551232F3A9C00020ECF /* NSMutableDictionary+DGSafe.m */,
				63266553232F3A9C00020ECF /* NSDate+DGTool.h */,
				6326654D232F3A9C00020ECF /* NSDate+DGTool.m */,
			);
			path = Foundation;
			sourceTree = "<group>";
		};
		633F9829216C84F800D86B96 /* Tools */ = {
			isa = PBXGroup;
			children = (
				633F982B216C89AE00D86B96 /* DGAppTool.h */,
				633F982C216C89AE00D86B96 /* DGAppTool.m */,
				63430F1021D35DC20034D6B9 /* DGParseTool.h */,
				63430F1221D35DC20034D6B9 /* DGParseTool.m */,
				63430F1B21D35FD20034D6B9 /* DGImageTool.h */,
				63430F1C21D35FD20034D6B9 /* DGImageTool.m */,
				6311752421D71811006C5EFE /* DGValidityTool.h */,
				6311752521D71811006C5EFE /* DGValidityTool.m */,
				63430F1121D35DC20034D6B9 /* DGRunLoopTaskDistribution.h */,
				63430F0F21D35DC20034D6B9 /* DGRunLoopTaskDistribution.m */,
			);
			path = Tools;
			sourceTree = "<group>";
		};
		633F9831216CA72100D86B96 /* Categories */ = {
			isa = PBXGroup;
			children = (
				6326654B232F3A9C00020ECF /* Foundation */,
				6326653E232F3A9C00020ECF /* UI */,
			);
			path = Categories;
			sourceTree = "<group>";
		};
		63430ED121D33A8E0034D6B9 /* thd */ = {
			isa = PBXGroup;
			children = (
				63430F3A21D3622F0034D6B9 /* UIImage+RTTint.h */,
				63430F3921D3622F0034D6B9 /* UIImage+RTTint.m */,
				63430F3D21D363E50034D6B9 /* Masonry */,
				63430EF421D33A8E0034D6B9 /* FDFullscreenPopGesture */,
			);
			path = thd;
			sourceTree = "<group>";
		};
		63430EF421D33A8E0034D6B9 /* FDFullscreenPopGesture */ = {
			isa = PBXGroup;
			children = (
				63430EF521D33A8E0034D6B9 /* UINavigationController+FDFullscreenPopGesture.h */,
				63430EF621D33A8E0034D6B9 /* UINavigationController+FDFullscreenPopGesture.m */,
			);
			path = FDFullscreenPopGesture;
			sourceTree = "<group>";
		};
		63430F1621D35F2D0034D6B9 /* Alert */ = {
			isa = PBXGroup;
			children = (
				63430F2121D35FF30034D6B9 /* DGAlertAction.h */,
				63430F2421D35FF40034D6B9 /* DGAlertAction.m */,
				63430F2221D35FF40034D6B9 /* DGAlertController.h */,
				63430F2321D35FF40034D6B9 /* DGAlertController.m */,
			);
			path = Alert;
			sourceTree = "<group>";
		};
		63430F1721D35F340034D6B9 /* Pop */ = {
			isa = PBXGroup;
			children = (
				63430F2821D35FFF0034D6B9 /* DGFullScreenPopView.h */,
				63430F2721D35FFF0034D6B9 /* DGFullScreenPopView.m */,
			);
			path = Pop;
			sourceTree = "<group>";
		};
		63430F3D21D363E50034D6B9 /* Masonry */ = {
			isa = PBXGroup;
			children = (
				63430F3E21D363E50034D6B9 /* MASCompositeConstraint.h */,
				63430F3F21D363E50034D6B9 /* MASCompositeConstraint.m */,
				63430F4021D363E50034D6B9 /* MASConstraint+Private.h */,
				63430F4121D363E50034D6B9 /* MASConstraint.h */,
				63430F4221D363E50034D6B9 /* MASConstraint.m */,
				63430F4321D363E50034D6B9 /* MASConstraintMaker.h */,
				63430F4421D363E50034D6B9 /* MASConstraintMaker.m */,
				63430F4521D363E50034D6B9 /* MASLayoutConstraint.h */,
				63430F4621D363E50034D6B9 /* MASLayoutConstraint.m */,
				63430F4721D363E50034D6B9 /* Masonry.h */,
				63430F4821D363E50034D6B9 /* MASUtilities.h */,
				63430F4921D363E50034D6B9 /* MASViewAttribute.h */,
				63430F4A21D363E50034D6B9 /* MASViewAttribute.m */,
				63430F4B21D363E50034D6B9 /* MASViewConstraint.h */,
				63430F4C21D363E50034D6B9 /* MASViewConstraint.m */,
				63430F4D21D363E50034D6B9 /* NSArray+MASAdditions.h */,
				63430F4E21D363E50034D6B9 /* NSArray+MASAdditions.m */,
				63430F4F21D363E50034D6B9 /* NSArray+MASShorthandAdditions.h */,
				63430F5021D363E50034D6B9 /* NSLayoutConstraint+MASDebugAdditions.h */,
				63430F5121D363E50034D6B9 /* NSLayoutConstraint+MASDebugAdditions.m */,
				63430F5221D363E50034D6B9 /* View+MASAdditions.h */,
				63430F5321D363E50034D6B9 /* View+MASAdditions.m */,
				63430F5421D363E50034D6B9 /* View+MASShorthandAdditions.h */,
				63430F5521D363E50034D6B9 /* ViewController+MASAdditions.h */,
				63430F5621D363E50034D6B9 /* ViewController+MASAdditions.m */,
			);
			path = Masonry;
			sourceTree = "<group>";
		};
		6378E063215DD4180046F7FA = {
			isa = PBXGroup;
			children = (
				6378E06E215DD4180046F7FA /* DGTool */,
				6378E06D215DD4180046F7FA /* Products */,
				CCDB34424754249092F6AF83 /* Pods */,
				F834B6C75479C866FA54C7FD /* Frameworks */,
			);
			sourceTree = "<group>";
		};
		6378E06D215DD4180046F7FA /* Products */ = {
			isa = PBXGroup;
			children = (
				6378E06C215DD4180046F7FA /* DGTool.app */,
			);
			name = Products;
			sourceTree = "<group>";
		};
		6378E06E215DD4180046F7FA /* DGTool */ = {
			isa = PBXGroup;
			children = (
				63266528232F366500020ECF /* App */,
				63430ED121D33A8E0034D6B9 /* thd */,
				637C252221805C0D0050C4FF /* Base */,
				633F9831216CA72100D86B96 /* Categories */,
				633F9829216C84F800D86B96 /* Tools */,
				6378E086215DD49B0046F7FA /* Network */,
				6378E087215DD49B0046F7FA /* 自定义控件 */,
				6326652F232F36A800020ECF /* Other */,
			);
			path = DGTool;
			sourceTree = "<group>";
		};
		6378E086215DD49B0046F7FA /* Network */ = {
			isa = PBXGroup;
			children = (
				633F9820216C80C900D86B96 /* DGNetWorkConfig.h */,
				633F9821216C80C900D86B96 /* DGNetWorkConfig.m */,
				633F9823216C825C00D86B96 /* DGHttpSessionTask.h */,
				633F9824216C825C00D86B96 /* DGHttpSessionTask.m */,
				633F9826216C82B700D86B96 /* DGHttpResponseModel.h */,
				633F9827216C82B700D86B96 /* DGHttpResponseModel.m */,
				635E6BDE217F2B75003AAFF8 /* DGHttpResponseLogicModel.h */,
				635E6BDF217F2B75003AAFF8 /* DGHttpResponseLogicModel.m */,
				635E6BDB217F1CB6003AAFF8 /* DGHttpRequestRecord.h */,
				635E6BDC217F1CB6003AAFF8 /* DGHttpRequestRecord.m */,
				63FCD0C5216D9B9500516026 /* DGHookTrack.h */,
				63FCD0C6216D9B9500516026 /* DGHookTrack.m */,
				6367643C217054CE00117BE7 /* DGScannerTool.h */,
				6367643D217054CE00117BE7 /* DGScannerTool.m */,
				633F982E216C954600D86B96 /* DGShare.h */,
				633F982F216C954600D86B96 /* DGShare.m */,
			);
			path = Network;
			sourceTree = "<group>";
		};
		6378E087215DD49B0046F7FA /* 自定义控件 */ = {
			isa = PBXGroup;
			children = (
				63430F1E21D35FE70034D6B9 /* DGItemView.h */,
				63430F1F21D35FE70034D6B9 /* DGItemView.m */,
				63430F2D21D361490034D6B9 /* DGButton.h */,
				63430F3321D3614A0034D6B9 /* DGButton.m */,
				63430F2F21D361490034D6B9 /* DGLabel.h */,
				63430F3421D3614A0034D6B9 /* DGLabel.m */,
				63F14A2A23348A6400BA11EA /* DGMenuLabel.h */,
				63F14A2923348A6400BA11EA /* DGMenuLabel.m */,
				63430F3021D3614A0034D6B9 /* DGTextField.h */,
				63430F3121D3614A0034D6B9 /* DGTextField.m */,
				63430F2E21D361490034D6B9 /* DGTextView.h */,
				63430F3221D3614A0034D6B9 /* DGTextView.m */,
				63430F1721D35F340034D6B9 /* Pop */,
				63430F1621D35F2D0034D6B9 /* Alert */,
			);
			path = "自定义控件";
			sourceTree = "<group>";
		};
		637C252221805C0D0050C4FF /* Base */ = {
			isa = PBXGroup;
			children = (
				63430EC821D3375A0034D6B9 /* DGBaseNavigationController.h */,
				63430EC921D3375A0034D6B9 /* DGBaseNavigationController.m */,
				63430ECB21D3378E0034D6B9 /* DGBaseViewController.h */,
				63430ECC21D3378E0034D6B9 /* DGBaseViewController.m */,
				63430ECE21D337BF0034D6B9 /* DGNavigationBar.h */,
				63430ECF21D337BF0034D6B9 /* DGNavigationBar.m */,
			);
			path = Base;
			sourceTree = "<group>";
		};
		CCDB34424754249092F6AF83 /* Pods */ = {
			isa = PBXGroup;
			children = (
				49CEBA68EF42638B6202BC31 /* Pods-DGTool.debug.xcconfig */,
				EC152205C9F597401486EE93 /* Pods-DGTool.release.xcconfig */,
			);
			name = Pods;
			sourceTree = "<group>";
		};
		F834B6C75479C866FA54C7FD /* Frameworks */ = {
			isa = PBXGroup;
			children = (
				306A997E4F3FE98DECC9E2F3 /* Pods_DGTool.framework */,
			);
			name = Frameworks;
			sourceTree = "<group>";
		};
/* End PBXGroup section */

/* Begin PBXNativeTarget section */
		6378E06B215DD4180046F7FA /* DGTool */ = {
			isa = PBXNativeTarget;
			buildConfigurationList = 6378E082215DD41A0046F7FA /* Build configuration list for PBXNativeTarget "DGTool" */;
			buildPhases = (
				A184FFB18EE0845F3B2B3622 /* [CP] Check Pods Manifest.lock */,
				6378E068215DD4180046F7FA /* Sources */,
				6378E069215DD4180046F7FA /* Frameworks */,
				6378E06A215DD4180046F7FA /* Resources */,
				9AE757A5111FD98DF22990D7 /* [CP] Embed Pods Frameworks */,
			);
			buildRules = (
			);
			dependencies = (
			);
			name = DGTool;
			productName = DGTool;
			productReference = 6378E06C215DD4180046F7FA /* DGTool.app */;
			productType = "com.apple.product-type.application";
		};
/* End PBXNativeTarget section */

/* Begin PBXProject section */
		6378E064215DD4180046F7FA /* Project object */ = {
			isa = PBXProject;
			attributes = {
				LastUpgradeCheck = 0940;
				ORGANIZATIONNAME = david;
				TargetAttributes = {
					6378E06B215DD4180046F7FA = {
						CreatedOnToolsVersion = 9.4.1;
					};
				};
			};
			buildConfigurationList = 6378E067215DD4180046F7FA /* Build configuration list for PBXProject "DGTool" */;
			compatibilityVersion = "Xcode 9.3";
			developmentRegion = en;
			hasScannedForEncodings = 0;
			knownRegions = (
				en,
				Base,
			);
			mainGroup = 6378E063215DD4180046F7FA;
			productRefGroup = 6378E06D215DD4180046F7FA /* Products */;
			projectDirPath = "";
			projectRoot = "";
			targets = (
				6378E06B215DD4180046F7FA /* DGTool */,
			);
		};
/* End PBXProject section */

/* Begin PBXResourcesBuildPhase section */
		6378E06A215DD4180046F7FA /* Resources */ = {
			isa = PBXResourcesBuildPhase;
			buildActionMask = 2147483647;
			files = (
				6326653A232F36A800020ECF /* LaunchScreen.storyboard in Resources */,
				6326653B232F36A800020ECF /* Main.storyboard in Resources */,
				6326653D232F36A800020ECF /* Info.plist in Resources */,
				63266539232F36A800020ECF /* Assets.xcassets in Resources */,
			);
			runOnlyForDeploymentPostprocessing = 0;
		};
/* End PBXResourcesBuildPhase section */

/* Begin PBXShellScriptBuildPhase section */
		9AE757A5111FD98DF22990D7 /* [CP] Embed Pods Frameworks */ = {
			isa = PBXShellScriptBuildPhase;
			buildActionMask = 2147483647;
			files = (
			);
			inputPaths = (
				"${SRCROOT}/Pods/Target Support Files/Pods-DGTool/Pods-DGTool-frameworks.sh",
				"${BUILT_PRODUCTS_DIR}/MMKV/MMKV.framework",
			);
			name = "[CP] Embed Pods Frameworks";
			outputPaths = (
				"${TARGET_BUILD_DIR}/${FRAMEWORKS_FOLDER_PATH}/MMKV.framework",
			);
			runOnlyForDeploymentPostprocessing = 0;
			shellPath = /bin/sh;
			shellScript = "\"${SRCROOT}/Pods/Target Support Files/Pods-DGTool/Pods-DGTool-frameworks.sh\"\n";
			showEnvVarsInLog = 0;
		};
		A184FFB18EE0845F3B2B3622 /* [CP] Check Pods Manifest.lock */ = {
			isa = PBXShellScriptBuildPhase;
			buildActionMask = 2147483647;
			files = (
			);
			inputPaths = (
				"${PODS_PODFILE_DIR_PATH}/Podfile.lock",
				"${PODS_ROOT}/Manifest.lock",
			);
			name = "[CP] Check Pods Manifest.lock";
			outputPaths = (
				"$(DERIVED_FILE_DIR)/Pods-DGTool-checkManifestLockResult.txt",
			);
			runOnlyForDeploymentPostprocessing = 0;
			shellPath = /bin/sh;
			shellScript = "diff \"${PODS_PODFILE_DIR_PATH}/Podfile.lock\" \"${PODS_ROOT}/Manifest.lock\" > /dev/null\nif [ $? != 0 ] ; then\n    # print error to STDERR\n    echo \"error: The sandbox is not in sync with the Podfile.lock. Run 'pod install' or update your CocoaPods installation.\" >&2\n    exit 1\nfi\n# This output is used by Xcode 'outputs' to avoid re-running this script phase.\necho \"SUCCESS\" > \"${SCRIPT_OUTPUT_FILE_0}\"\n";
			showEnvVarsInLog = 0;
		};
/* End PBXShellScriptBuildPhase section */

/* Begin PBXSourcesBuildPhase section */
		6378E068215DD4180046F7FA /* Sources */ = {
			isa = PBXSourcesBuildPhase;
			buildActionMask = 2147483647;
			files = (
				6326655E232F3A9D00020ECF /* NSString+DGTool.m in Sources */,
				6311752621D71811006C5EFE /* DGValidityTool.m in Sources */,
				633F9830216C954600D86B96 /* DGShare.m in Sources */,
				63430F1321D35DC20034D6B9 /* DGRunLoopTaskDistribution.m in Sources */,
				63430F1421D35DC20034D6B9 /* DGParseTool.m in Sources */,
				633F9825216C825C00D86B96 /* DGHttpSessionTask.m in Sources */,
				63430F5821D363E50034D6B9 /* MASConstraint.m in Sources */,
				6326653C232F36A800020ECF /* main.m in Sources */,
				63430F5C21D363E50034D6B9 /* MASViewConstraint.m in Sources */,
				6367643E217054CE00117BE7 /* DGScannerTool.m in Sources */,
				63430F3521D3614A0034D6B9 /* DGTextField.m in Sources */,
				633F9828216C82B700D86B96 /* DGHttpResponseModel.m in Sources */,
				63430ED021D337BF0034D6B9 /* DGNavigationBar.m in Sources */,
				63430F5F21D363E50034D6B9 /* View+MASAdditions.m in Sources */,
				63FCD0C7216D9B9500516026 /* DGHookTrack.m in Sources */,
				633F982D216C89AE00D86B96 /* DGAppTool.m in Sources */,
				63430F5921D363E50034D6B9 /* MASConstraintMaker.m in Sources */,
				635E6BE0217F2B75003AAFF8 /* DGHttpResponseLogicModel.m in Sources */,
				6326655F232F3A9D00020ECF /* NSDate+DGTool.m in Sources */,
				63430F5B21D363E50034D6B9 /* MASViewAttribute.m in Sources */,
				63F14A2B23348A6400BA11EA /* DGMenuLabel.m in Sources */,
				63430F6021D363E50034D6B9 /* ViewController+MASAdditions.m in Sources */,
				633F9822216C80C900D86B96 /* DGNetWorkConfig.m in Sources */,
				63430ECA21D3375A0034D6B9 /* DGBaseNavigationController.m in Sources */,
				63266562232F3A9D00020ECF /* NSArray+DGSort.m in Sources */,
				63430F5A21D363E50034D6B9 /* MASLayoutConstraint.m in Sources */,
				63430F2921D35FFF0034D6B9 /* DGFullScreenPopView.m in Sources */,
				63266563232F3A9D00020ECF /* NSMutableDictionary+DGSafe.m in Sources */,
				63266558232F3A9D00020ECF /* UINavigationController+DGHook.m in Sources */,
				63430F5E21D363E50034D6B9 /* NSLayoutConstraint+MASDebugAdditions.m in Sources */,
				63430F5721D363E50034D6B9 /* MASCompositeConstraint.m in Sources */,
				63430F2521D35FF40034D6B9 /* DGAlertController.m in Sources */,
				63430F2621D35FF40034D6B9 /* DGAlertAction.m in Sources */,
				6326652E232F366500020ECF /* AppDelegate.m in Sources */,
				63430F3621D3614A0034D6B9 /* DGTextView.m in Sources */,
				63266559232F3A9D00020ECF /* UIViewController+DGAlert.m in Sources */,
				63430F0821D33A8E0034D6B9 /* UINavigationController+FDFullscreenPopGesture.m in Sources */,
				63430F3721D3614A0034D6B9 /* DGButton.m in Sources */,
				63430F2021D35FE70034D6B9 /* DGItemView.m in Sources */,
				63430F1D21D35FD20034D6B9 /* DGImageTool.m in Sources */,
				6326655C232F3A9D00020ECF /* UIButton+DGDefine.m in Sources */,
				6326652D232F366500020ECF /* ViewController.m in Sources */,
				63430ECD21D3378E0034D6B9 /* DGBaseViewController.m in Sources */,
				6326655B232F3A9D00020ECF /* UIView+DGRectCorner.m in Sources */,
				63430F3B21D362300034D6B9 /* UIImage+RTTint.m in Sources */,
				63430F5D21D363E50034D6B9 /* NSArray+MASAdditions.m in Sources */,
				6326655A232F3A9D00020ECF /* UIImage+DGEffect.m in Sources */,
				63266561232F3A9D00020ECF /* NSObject+DGRuntime.m in Sources */,
				635E6BDD217F1CB6003AAFF8 /* DGHttpRequestRecord.m in Sources */,
				63430F3821D3614A0034D6B9 /* DGLabel.m in Sources */,
				63266560232F3A9D00020ECF /* NSDictionary+DGSafe.m in Sources */,
				6326655D232F3A9D00020ECF /* UIView+DGFrame.m in Sources */,
			);
			runOnlyForDeploymentPostprocessing = 0;
		};
/* End PBXSourcesBuildPhase section */

/* Begin PBXVariantGroup section */
		63266531232F36A800020ECF /* LaunchScreen.storyboard */ = {
			isa = PBXVariantGroup;
			children = (
				63266532232F36A800020ECF /* Base */,
			);
			name = LaunchScreen.storyboard;
			sourceTree = "<group>";
		};
		63266533232F36A800020ECF /* Main.storyboard */ = {
			isa = PBXVariantGroup;
			children = (
				63266534232F36A800020ECF /* Base */,
			);
			name = Main.storyboard;
			sourceTree = "<group>";
		};
/* End PBXVariantGroup section */

/* Begin XCBuildConfiguration section */
		6378E080215DD41A0046F7FA /* Debug */ = {
			isa = XCBuildConfiguration;
			buildSettings = {
				ALWAYS_SEARCH_USER_PATHS = NO;
				CLANG_ANALYZER_NONNULL = YES;
				CLANG_ANALYZER_NUMBER_OBJECT_CONVERSION = YES_AGGRESSIVE;
				CLANG_CXX_LANGUAGE_STANDARD = "gnu++14";
				CLANG_CXX_LIBRARY = "libc++";
				CLANG_ENABLE_MODULES = YES;
				CLANG_ENABLE_OBJC_ARC = YES;
				CLANG_ENABLE_OBJC_WEAK = YES;
				CLANG_WARN_BLOCK_CAPTURE_AUTORELEASING = YES;
				CLANG_WARN_BOOL_CONVERSION = YES;
				CLANG_WARN_COMMA = YES;
				CLANG_WARN_CONSTANT_CONVERSION = YES;
				CLANG_WARN_DEPRECATED_OBJC_IMPLEMENTATIONS = YES;
				CLANG_WARN_DIRECT_OBJC_ISA_USAGE = YES_ERROR;
				CLANG_WARN_DOCUMENTATION_COMMENTS = YES;
				CLANG_WARN_EMPTY_BODY = YES;
				CLANG_WARN_ENUM_CONVERSION = YES;
				CLANG_WARN_INFINITE_RECURSION = YES;
				CLANG_WARN_INT_CONVERSION = YES;
				CLANG_WARN_NON_LITERAL_NULL_CONVERSION = YES;
				CLANG_WARN_OBJC_IMPLICIT_RETAIN_SELF = YES;
				CLANG_WARN_OBJC_LITERAL_CONVERSION = YES;
				CLANG_WARN_OBJC_ROOT_CLASS = YES_ERROR;
				CLANG_WARN_RANGE_LOOP_ANALYSIS = YES;
				CLANG_WARN_STRICT_PROTOTYPES = YES;
				CLANG_WARN_SUSPICIOUS_MOVE = YES;
				CLANG_WARN_UNGUARDED_AVAILABILITY = YES_AGGRESSIVE;
				CLANG_WARN_UNREACHABLE_CODE = YES;
				CLANG_WARN__DUPLICATE_METHOD_MATCH = YES;
				CODE_SIGN_IDENTITY = "iPhone Developer";
				COPY_PHASE_STRIP = NO;
				DEBUG_INFORMATION_FORMAT = dwarf;
				ENABLE_STRICT_OBJC_MSGSEND = YES;
				ENABLE_TESTABILITY = YES;
				GCC_C_LANGUAGE_STANDARD = gnu11;
				GCC_DYNAMIC_NO_PIC = NO;
				GCC_NO_COMMON_BLOCKS = YES;
				GCC_OPTIMIZATION_LEVEL = 0;
				GCC_PREPROCESSOR_DEFINITIONS = (
					"DEBUG=1",
					"$(inherited)",
				);
				GCC_WARN_64_TO_32_BIT_CONVERSION = YES;
				GCC_WARN_ABOUT_RETURN_TYPE = YES_ERROR;
				GCC_WARN_UNDECLARED_SELECTOR = YES;
				GCC_WARN_UNINITIALIZED_AUTOS = YES_AGGRESSIVE;
				GCC_WARN_UNUSED_FUNCTION = YES;
				GCC_WARN_UNUSED_VARIABLE = YES;
				IPHONEOS_DEPLOYMENT_TARGET = 11.4;
				MTL_ENABLE_DEBUG_INFO = YES;
				ONLY_ACTIVE_ARCH = YES;
				SDKROOT = iphoneos;
			};
			name = Debug;
		};
		6378E081215DD41A0046F7FA /* Release */ = {
			isa = XCBuildConfiguration;
			buildSettings = {
				ALWAYS_SEARCH_USER_PATHS = NO;
				CLANG_ANALYZER_NONNULL = YES;
				CLANG_ANALYZER_NUMBER_OBJECT_CONVERSION = YES_AGGRESSIVE;
				CLANG_CXX_LANGUAGE_STANDARD = "gnu++14";
				CLANG_CXX_LIBRARY = "libc++";
				CLANG_ENABLE_MODULES = YES;
				CLANG_ENABLE_OBJC_ARC = YES;
				CLANG_ENABLE_OBJC_WEAK = YES;
				CLANG_WARN_BLOCK_CAPTURE_AUTORELEASING = YES;
				CLANG_WARN_BOOL_CONVERSION = YES;
				CLANG_WARN_COMMA = YES;
				CLANG_WARN_CONSTANT_CONVERSION = YES;
				CLANG_WARN_DEPRECATED_OBJC_IMPLEMENTATIONS = YES;
				CLANG_WARN_DIRECT_OBJC_ISA_USAGE = YES_ERROR;
				CLANG_WARN_DOCUMENTATION_COMMENTS = YES;
				CLANG_WARN_EMPTY_BODY = YES;
				CLANG_WARN_ENUM_CONVERSION = YES;
				CLANG_WARN_INFINITE_RECURSION = YES;
				CLANG_WARN_INT_CONVERSION = YES;
				CLANG_WARN_NON_LITERAL_NULL_CONVERSION = YES;
				CLANG_WARN_OBJC_IMPLICIT_RETAIN_SELF = YES;
				CLANG_WARN_OBJC_LITERAL_CONVERSION = YES;
				CLANG_WARN_OBJC_ROOT_CLASS = YES_ERROR;
				CLANG_WARN_RANGE_LOOP_ANALYSIS = YES;
				CLANG_WARN_STRICT_PROTOTYPES = YES;
				CLANG_WARN_SUSPICIOUS_MOVE = YES;
				CLANG_WARN_UNGUARDED_AVAILABILITY = YES_AGGRESSIVE;
				CLANG_WARN_UNREACHABLE_CODE = YES;
				CLANG_WARN__DUPLICATE_METHOD_MATCH = YES;
				CODE_SIGN_IDENTITY = "iPhone Developer";
				COPY_PHASE_STRIP = NO;
				DEBUG_INFORMATION_FORMAT = "dwarf-with-dsym";
				ENABLE_NS_ASSERTIONS = NO;
				ENABLE_STRICT_OBJC_MSGSEND = YES;
				GCC_C_LANGUAGE_STANDARD = gnu11;
				GCC_NO_COMMON_BLOCKS = YES;
				GCC_WARN_64_TO_32_BIT_CONVERSION = YES;
				GCC_WARN_ABOUT_RETURN_TYPE = YES_ERROR;
				GCC_WARN_UNDECLARED_SELECTOR = YES;
				GCC_WARN_UNINITIALIZED_AUTOS = YES_AGGRESSIVE;
				GCC_WARN_UNUSED_FUNCTION = YES;
				GCC_WARN_UNUSED_VARIABLE = YES;
				IPHONEOS_DEPLOYMENT_TARGET = 11.4;
				MTL_ENABLE_DEBUG_INFO = NO;
				SDKROOT = iphoneos;
				VALIDATE_PRODUCT = YES;
			};
			name = Release;
		};
		6378E083215DD41A0046F7FA /* Debug */ = {
			isa = XCBuildConfiguration;
			baseConfigurationReference = 49CEBA68EF42638B6202BC31 /* Pods-DGTool.debug.xcconfig */;
			buildSettings = {
				ASSETCATALOG_COMPILER_APPICON_NAME = AppIcon;
				CODE_SIGN_STYLE = Automatic;
				DEVELOPMENT_TEAM = ZHJX48G4CA;
				GCC_PRECOMPILE_PREFIX_HEADER = YES;
				GCC_PREFIX_HEADER = "$(SRCROOT)/DGTool/Other/PrefixHeader.pch";
				INFOPLIST_FILE = "$(SRCROOT)/DGTool/Other/Info.plist";
				IPHONEOS_DEPLOYMENT_TARGET = 9.0;
				LD_RUNPATH_SEARCH_PATHS = (
					"$(inherited)",
					"@executable_path/Frameworks",
				);
				PRODUCT_BUNDLE_IDENTIFIER = ios.DGTool;
				PRODUCT_NAME = "$(TARGET_NAME)";
				TARGETED_DEVICE_FAMILY = "1,2";
			};
			name = Debug;
		};
		6378E084215DD41A0046F7FA /* Release */ = {
			isa = XCBuildConfiguration;
			baseConfigurationReference = EC152205C9F597401486EE93 /* Pods-DGTool.release.xcconfig */;
			buildSettings = {
				ASSETCATALOG_COMPILER_APPICON_NAME = AppIcon;
				CODE_SIGN_STYLE = Automatic;
				DEVELOPMENT_TEAM = ZHJX48G4CA;
				GCC_PRECOMPILE_PREFIX_HEADER = YES;
				GCC_PREFIX_HEADER = "$(SRCROOT)/DGTool/Other/PrefixHeader.pch";
				INFOPLIST_FILE = "$(SRCROOT)/DGTool/Other/Info.plist";
				IPHONEOS_DEPLOYMENT_TARGET = 9.0;
				LD_RUNPATH_SEARCH_PATHS = (
					"$(inherited)",
					"@executable_path/Frameworks",
				);
				PRODUCT_BUNDLE_IDENTIFIER = ios.DGTool;
				PRODUCT_NAME = "$(TARGET_NAME)";
				TARGETED_DEVICE_FAMILY = "1,2";
			};
			name = Release;
		};
/* End XCBuildConfiguration section */

/* Begin XCConfigurationList section */
		6378E067215DD4180046F7FA /* Build configuration list for PBXProject "DGTool" */ = {
			isa = XCConfigurationList;
			buildConfigurations = (
				6378E080215DD41A0046F7FA /* Debug */,
				6378E081215DD41A0046F7FA /* Release */,
			);
			defaultConfigurationIsVisible = 0;
			defaultConfigurationName = Release;
		};
		6378E082215DD41A0046F7FA /* Build configuration list for PBXNativeTarget "DGTool" */ = {
			isa = XCConfigurationList;
			buildConfigurations = (
				6378E083215DD41A0046F7FA /* Debug */,
				6378E084215DD41A0046F7FA /* Release */,
			);
			defaultConfigurationIsVisible = 0;
			defaultConfigurationName = Release;
		};
/* End XCConfigurationList section */
	};
	rootObject = 6378E064215DD4180046F7FA /* Project object */;
}
